{
  "pins" : [
    {
      "identity" : "axissegmentedview",
      "kind" : "remoteSourceControl",
      "location" : "https://github.com/jasudev/AxisSegmentedView.git",
      "state" : {
        "revision" : "4a9a9c6c5b32b51e5d2fd4c30e8c475658853131",
        "version" : "0.5.2"
      }
    },
    {
      "identity" : "codeeditorview",
      "kind" : "remoteSourceControl",
      "location" : "https://github.com/mchakravarty/CodeEditorView",
      "state" : {
        "revision" : "325759c1cc2873fd5eba0f8d4eedd0233ac9eca7",
        "version" : "0.10.0"
      }
    },
    {
      "identity" : "cooldown",
      "kind" : "remoteSourceControl",
      "location" : "https://github.com/techprimate/CoolDown",
      "state" : {
        "branch" : "main",
        "revision" : "9d8a95e2818c891c3d6288a244220b569defdbf5"
      }
    },
    {
      "identity" : "kingfisher",
      "kind" : "remoteSourceControl",
      "location" : "https://github.com/onevcat/Kingfisher",
      "state" : {
        "revision" : "d06df9adf50ed8cde5786d935836a5f445f780ba",
        "version" : "6.3.1"
      }
    },
    {
      "identity" : "swiftuix",
      "kind" : "remoteSourceControl",
      "location" : "https://github.com/SwiftUIX/SwiftUIX",
      "state" : {
        "revision" : "889c781539cdd1e6a1111472c711082522aa35c6",
        "version" : "0.1.2"
      }
    }
  ],
  "version" : 2
}
