// !$*UTF8*$!
{
	archiveVersion = 1;
	classes = {
	};
	objectVersion = 55;
	objects = {

/* Begin PBXBuildFile section */
		96060166281AE9D800BA0257 /* ColorDict.swift in Sources */ = {isa = PBXBuildFile; fileRef = 96060165281AE9D800BA0257 /* ColorDict.swift */; };
		9607E606281D654400F1C461 /* CustomLayout.swift in Sources */ = {isa = PBXBuildFile; fileRef = 9607E605281D654400F1C461 /* CustomLayout.swift */; };
		960FFF1E281E9F0F006CEB52 /* LayoutNavView.swift in Sources */ = {isa = PBXBuildFile; fileRef = 960FFF1D281E9F0F006CEB52 /* LayoutNavView.swift */; };
		961C0B0628237A1C007FFC34 /* LaunchScreen.storyboard in Resources */ = {isa = PBXBuildFile; fileRef = 961C0B0528237A1C007FFC34 /* LaunchScreen.storyboard */; };
		961C0B0828238BC4007FFC34 /* AppDelegate.swift in Sources */ = {isa = PBXBuildFile; fileRef = 961C0B0728238BC4007FFC34 /* AppDelegate.swift */; };
		961C0B0A2823A01A007FFC34 /* MountainDraw.swift in Sources */ = {isa = PBXBuildFile; fileRef = 961C0B092823A01A007FFC34 /* MountainDraw.swift */; };
		961C0B0F2823A1D1007FFC34 /* Mountain.swift in Sources */ = {isa = PBXBuildFile; fileRef = 961C0B0E2823A1D1007FFC34 /* Mountain.swift */; };
		962CFE73281C4913001E20DC /* Theme.swift in Sources */ = {isa = PBXBuildFile; fileRef = 962CFE72281C4913001E20DC /* Theme.swift */; };
		9633CA40281BA6AE006F1F36 /* BackgroundList.swift in Sources */ = {isa = PBXBuildFile; fileRef = 9633CA3F281BA6AE006F1F36 /* BackgroundList.swift */; };
		9633CA43281BAE7C006F1F36 /* GlassCell.swift in Sources */ = {isa = PBXBuildFile; fileRef = 9633CA42281BAE7C006F1F36 /* GlassCell.swift */; };
		963756D7281F8E7C00EC9CC1 /* extension.swift in Sources */ = {isa = PBXBuildFile; fileRef = 963756D6281F8E7C00EC9CC1 /* extension.swift */; };
		965176322820D0B5009A121E /* MorphismButtons.swift in Sources */ = {isa = PBXBuildFile; fileRef = 965176312820D0B5009A121E /* MorphismButtons.swift */; };
		9667B602281854260011C988 /* Onboarding.swift in Sources */ = {isa = PBXBuildFile; fileRef = 9667B601281854260011C988 /* Onboarding.swift */; };
		9667B604281863790011C988 /* Wave.swift in Sources */ = {isa = PBXBuildFile; fileRef = 9667B603281863790011C988 /* Wave.swift */; };
		9667B607281868EE0011C988 /* WaveDraw.swift in Sources */ = {isa = PBXBuildFile; fileRef = 9667B606281868EE0011C988 /* WaveDraw.swift */; };
		9667B609281869450011C988 /* Wave2.swift in Sources */ = {isa = PBXBuildFile; fileRef = 9667B608281869450011C988 /* Wave2.swift */; };
		966CADD6281E7C0600EF7324 /* CustomLayoutView.swift in Sources */ = {isa = PBXBuildFile; fileRef = 966CADD5281E7C0600EF7324 /* CustomLayoutView.swift */; };
		967933C7281AFF09006E8177 /* dummyList.json in Resources */ = {isa = PBXBuildFile; fileRef = 967933C6281AFF09006E8177 /* dummyList.json */; };
		9688C310281FAB59002D0314 /* ButtonListView.swift in Sources */ = {isa = PBXBuildFile; fileRef = 9688C30F281FAB59002D0314 /* ButtonListView.swift */; };
		9688C313281FAF77002D0314 /* PinkButton.swift in Sources */ = {isa = PBXBuildFile; fileRef = 9688C312281FAF77002D0314 /* PinkButton.swift */; };
		9688C316281FBC13002D0314 /* CustomMethod.swift in Sources */ = {isa = PBXBuildFile; fileRef = 9688C315281FBC13002D0314 /* CustomMethod.swift */; };
		968A472228183B4C00491FD6 /* SCBookApp.swift in Sources */ = {isa = PBXBuildFile; fileRef = 968A472128183B4C00491FD6 /* SCBookApp.swift */; };
		968A472428183B4C00491FD6 /* ContentView.swift in Sources */ = {isa = PBXBuildFile; fileRef = 968A472328183B4C00491FD6 /* ContentView.swift */; };
		968A472628183B4D00491FD6 /* Assets.xcassets in Resources */ = {isa = PBXBuildFile; fileRef = 968A472528183B4D00491FD6 /* Assets.xcassets */; };
		968A472928183B4D00491FD6 /* Preview Assets.xcassets in Resources */ = {isa = PBXBuildFile; fileRef = 968A472828183B4D00491FD6 /* Preview Assets.xcassets */; };
		968A473328183B4D00491FD6 /* SCBookTests.swift in Sources */ = {isa = PBXBuildFile; fileRef = 968A473228183B4D00491FD6 /* SCBookTests.swift */; };
		968A473D28183B4D00491FD6 /* SCBookUITests.swift in Sources */ = {isa = PBXBuildFile; fileRef = 968A473C28183B4D00491FD6 /* SCBookUITests.swift */; };
		968A473F28183B4D00491FD6 /* SCBookUITestsLaunchTests.swift in Sources */ = {isa = PBXBuildFile; fileRef = 968A473E28183B4D00491FD6 /* SCBookUITestsLaunchTests.swift */; };
		9693630A2818EE8700D10081 /* SwiftUIX in Frameworks */ = {isa = PBXBuildFile; productRef = 969363092818EE8700D10081 /* SwiftUIX */; };
		969363142818FF9800D10081 /* FaceDraw.swift in Sources */ = {isa = PBXBuildFile; fileRef = 969363132818FF9800D10081 /* FaceDraw.swift */; };
		969363162818FFC200D10081 /* Face.swift in Sources */ = {isa = PBXBuildFile; fileRef = 969363152818FFC200D10081 /* Face.swift */; };
		969363182819075100D10081 /* LineDraw.swift in Sources */ = {isa = PBXBuildFile; fileRef = 969363172819075100D10081 /* LineDraw.swift */; };
		9693631A281907CE00D10081 /* Line.swift in Sources */ = {isa = PBXBuildFile; fileRef = 96936319281907CE00D10081 /* Line.swift */; };
		9693631C281907DA00D10081 /* Line2.swift in Sources */ = {isa = PBXBuildFile; fileRef = 9693631B281907DA00D10081 /* Line2.swift */; };
		9693632028190C8900D10081 /* Curve.swift in Sources */ = {isa = PBXBuildFile; fileRef = 9693631F28190C8900D10081 /* Curve.swift */; };
		9693632228190D4400D10081 /* CurveDraw.swift in Sources */ = {isa = PBXBuildFile; fileRef = 9693632128190D4400D10081 /* CurveDraw.swift */; };
		9693632428190EE000D10081 /* StarDraw.swift in Sources */ = {isa = PBXBuildFile; fileRef = 9693632328190EE000D10081 /* StarDraw.swift */; };
		9693632628190EEE00D10081 /* Stars.swift in Sources */ = {isa = PBXBuildFile; fileRef = 9693632528190EEE00D10081 /* Stars.swift */; };
		96936328281912B900D10081 /* Planets.swift in Sources */ = {isa = PBXBuildFile; fileRef = 96936327281912B900D10081 /* Planets.swift */; };
		9693632C2819244300D10081 /* MainListView.swift in Sources */ = {isa = PBXBuildFile; fileRef = 9693632B2819244300D10081 /* MainListView.swift */; };
		96936336281938E700D10081 /* GradientText.swift in Sources */ = {isa = PBXBuildFile; fileRef = 96936335281938E700D10081 /* GradientText.swift */; };
		9693633B28193A9500D10081 /* Glassmorphism.swift in Sources */ = {isa = PBXBuildFile; fileRef = 9693633A28193A9500D10081 /* Glassmorphism.swift */; };
		96A38B852819A19C00720CB8 /* MoonSky.mp4 in Resources */ = {isa = PBXBuildFile; fileRef = 96A38B842819A19C00720CB8 /* MoonSky.mp4 */; };
		96A38B872819A25500720CB8 /* LoopingPlayer.swift in Sources */ = {isa = PBXBuildFile; fileRef = 96A38B862819A25500720CB8 /* LoopingPlayer.swift */; };
		96A38B8A2819A8C900720CB8 /* TransitionView.swift in Sources */ = {isa = PBXBuildFile; fileRef = 96A38B892819A8C900720CB8 /* TransitionView.swift */; };
		96AD32C0281A3CAA006BF27C /* ListModel.swift in Sources */ = {isa = PBXBuildFile; fileRef = 96AD32BF281A3CAA006BF27C /* ListModel.swift */; };
		96AD32C2281A3CDD006BF27C /* ListViewModel.swift in Sources */ = {isa = PBXBuildFile; fileRef = 96AD32C1281A3CDD006BF27C /* ListViewModel.swift */; };
		96AD32C4281A42CB006BF27C /* LinkEnum.swift in Sources */ = {isa = PBXBuildFile; fileRef = 96AD32C3281A42CB006BF27C /* LinkEnum.swift */; };
		96AD32C6281A46F9006BF27C /* HigCellView.swift in Sources */ = {isa = PBXBuildFile; fileRef = 96AD32C5281A46F8006BF27C /* HigCellView.swift */; };
		96AD32C8281A4CD6006BF27C /* HIGView.swift in Sources */ = {isa = PBXBuildFile; fileRef = 96AD32C7281A4CD6006BF27C /* HIGView.swift */; };
		96B03079282292270090AC34 /* FontWeightView.swift in Sources */ = {isa = PBXBuildFile; fileRef = 96B03078282292270090AC34 /* FontWeightView.swift */; };
		96B0307B2822943D0090AC34 /* FontDesignView.swift in Sources */ = {isa = PBXBuildFile; fileRef = 96B0307A2822943D0090AC34 /* FontDesignView.swift */; };
		96B0307D282298050090AC34 /* FontListView.swift in Sources */ = {isa = PBXBuildFile; fileRef = 96B0307C282298050090AC34 /* FontListView.swift */; };
		96B0307F282298F30090AC34 /* MarkdownView.swift in Sources */ = {isa = PBXBuildFile; fileRef = 96B0307E282298F30090AC34 /* MarkdownView.swift */; };
		96B0308128229DB00090AC34 /* TextRotationView.swift in Sources */ = {isa = PBXBuildFile; fileRef = 96B0308028229DB00090AC34 /* TextRotationView.swift */; };
		96B030872822BFED0090AC34 /* StepperView.swift in Sources */ = {isa = PBXBuildFile; fileRef = 96B030862822BFED0090AC34 /* StepperView.swift */; };
		96B0308A2822C9D60090AC34 /* SegmentedView.swift in Sources */ = {isa = PBXBuildFile; fileRef = 96B030892822C9D60090AC34 /* SegmentedView.swift */; };
		96B0FD1E281A7255001FC040 /* FaceJeju.swift in Sources */ = {isa = PBXBuildFile; fileRef = 96B0FD1D281A7255001FC040 /* FaceJeju.swift */; };
		96B0FD25281A7B09001FC040 /* CloudDraw.swift in Sources */ = {isa = PBXBuildFile; fileRef = 96B0FD24281A7B09001FC040 /* CloudDraw.swift */; };
		96B0FD27281A7B14001FC040 /* Cloud.swift in Sources */ = {isa = PBXBuildFile; fileRef = 96B0FD26281A7B14001FC040 /* Cloud.swift */; };
		96B0FD2A281A80AB001FC040 /* OrangeDraw.swift in Sources */ = {isa = PBXBuildFile; fileRef = 96B0FD29281A80AB001FC040 /* OrangeDraw.swift */; };
		96B0FD2C281A80C0001FC040 /* Orange.swift in Sources */ = {isa = PBXBuildFile; fileRef = 96B0FD2B281A80C0001FC040 /* Orange.swift */; };
		96BA3DC9281BD34400A8D4DE /* LazyVGridView.swift in Sources */ = {isa = PBXBuildFile; fileRef = 96BA3DC8281BD34400A8D4DE /* LazyVGridView.swift */; };
		96BFF0D528202BEF00E4F1D7 /* BasicButtons.swift in Sources */ = {isa = PBXBuildFile; fileRef = 96BFF0D428202BEF00E4F1D7 /* BasicButtons.swift */; };
		96C2A51C28225CDF00FC73E3 /* TextFieldView.swift in Sources */ = {isa = PBXBuildFile; fileRef = 96C2A51B28225CDF00FC73E3 /* TextFieldView.swift */; };
		96C2A51F28225D0C00FC73E3 /* FontSizeView.swift in Sources */ = {isa = PBXBuildFile; fileRef = 96C2A51E28225D0C00FC73E3 /* FontSizeView.swift */; };
		96C2A52228226F1300FC73E3 /* CoolDown in Frameworks */ = {isa = PBXBuildFile; productRef = 96C2A52128226F1300FC73E3 /* CoolDown */; };
		96C2A52428226F1300FC73E3 /* CoolDownAttributedString in Frameworks */ = {isa = PBXBuildFile; productRef = 96C2A52328226F1300FC73E3 /* CoolDownAttributedString */; };
		96C2A52628226F1300FC73E3 /* CoolDownSwiftUIMapper in Frameworks */ = {isa = PBXBuildFile; productRef = 96C2A52528226F1300FC73E3 /* CoolDownSwiftUIMapper */; };
		96C2A52828226F1300FC73E3 /* CoolDownUIMapper in Frameworks */ = {isa = PBXBuildFile; productRef = 96C2A52728226F1300FC73E3 /* CoolDownUIMapper */; };
		96C2A52A2822793A00FC73E3 /* ReversedInt.swift in Sources */ = {isa = PBXBuildFile; fileRef = 96C2A5292822793A00FC73E3 /* ReversedInt.swift */; };
/* End PBXBuildFile section */

/* Begin PBXContainerItemProxy section */
		968A472F28183B4D00491FD6 /* PBXContainerItemProxy */ = {
			isa = PBXContainerItemProxy;
			containerPortal = 968A471628183B4C00491FD6 /* Project object */;
			proxyType = 1;
			remoteGlobalIDString = 968A471D28183B4C00491FD6;
			remoteInfo = SCBook;
		};
		968A473928183B4D00491FD6 /* PBXContainerItemProxy */ = {
			isa = PBXContainerItemProxy;
			containerPortal = 968A471628183B4C00491FD6 /* Project object */;
			proxyType = 1;
			remoteGlobalIDString = 968A471D28183B4C00491FD6;
			remoteInfo = SCBook;
		};
/* End PBXContainerItemProxy section */

/* Begin PBXFileReference section */
		96060165281AE9D800BA0257 /* ColorDict.swift */ = {isa = PBXFileReference; lastKnownFileType = sourcecode.swift; path = ColorDict.swift; sourceTree = "<group>"; };
		9607E605281D654400F1C461 /* CustomLayout.swift */ = {isa = PBXFileReference; lastKnownFileType = sourcecode.swift; path = CustomLayout.swift; sourceTree = "<group>"; };
		960FFF1D281E9F0F006CEB52 /* LayoutNavView.swift */ = {isa = PBXFileReference; lastKnownFileType = sourcecode.swift; path = LayoutNavView.swift; sourceTree = "<group>"; };
		961C0B0528237A1C007FFC34 /* LaunchScreen.storyboard */ = {isa = PBXFileReference; lastKnownFileType = file.storyboard; path = LaunchScreen.storyboard; sourceTree = "<group>"; };
		961C0B0728238BC4007FFC34 /* AppDelegate.swift */ = {isa = PBXFileReference; lastKnownFileType = sourcecode.swift; path = AppDelegate.swift; sourceTree = "<group>"; };
		961C0B092823A01A007FFC34 /* MountainDraw.swift */ = {isa = PBXFileReference; lastKnownFileType = sourcecode.swift; path = MountainDraw.swift; sourceTree = "<group>"; };
		961C0B0E2823A1D1007FFC34 /* Mountain.swift */ = {isa = PBXFileReference; lastKnownFileType = sourcecode.swift; path = Mountain.swift; sourceTree = "<group>"; };
		962CFE72281C4913001E20DC /* Theme.swift */ = {isa = PBXFileReference; lastKnownFileType = sourcecode.swift; path = Theme.swift; sourceTree = "<group>"; };
		9633CA3F281BA6AE006F1F36 /* BackgroundList.swift */ = {isa = PBXFileReference; lastKnownFileType = sourcecode.swift; path = BackgroundList.swift; sourceTree = "<group>"; };
		9633CA42281BAE7C006F1F36 /* GlassCell.swift */ = {isa = PBXFileReference; lastKnownFileType = sourcecode.swift; path = GlassCell.swift; sourceTree = "<group>"; };
		963756D6281F8E7C00EC9CC1 /* extension.swift */ = {isa = PBXFileReference; lastKnownFileType = sourcecode.swift; path = extension.swift; sourceTree = "<group>"; };
		965176312820D0B5009A121E /* MorphismButtons.swift */ = {isa = PBXFileReference; lastKnownFileType = sourcecode.swift; path = MorphismButtons.swift; sourceTree = "<group>"; };
		9667B601281854260011C988 /* Onboarding.swift */ = {isa = PBXFileReference; lastKnownFileType = sourcecode.swift; path = Onboarding.swift; sourceTree = "<group>"; };
		9667B603281863790011C988 /* Wave.swift */ = {isa = PBXFileReference; lastKnownFileType = sourcecode.swift; path = Wave.swift; sourceTree = "<group>"; };
		9667B606281868EE0011C988 /* WaveDraw.swift */ = {isa = PBXFileReference; lastKnownFileType = sourcecode.swift; path = WaveDraw.swift; sourceTree = "<group>"; };
		9667B608281869450011C988 /* Wave2.swift */ = {isa = PBXFileReference; lastKnownFileType = sourcecode.swift; path = Wave2.swift; sourceTree = "<group>"; };
		966CADD5281E7C0600EF7324 /* CustomLayoutView.swift */ = {isa = PBXFileReference; lastKnownFileType = sourcecode.swift; path = CustomLayoutView.swift; sourceTree = "<group>"; };
		967933C6281AFF09006E8177 /* dummyList.json */ = {isa = PBXFileReference; lastKnownFileType = text.json; path = dummyList.json; sourceTree = "<group>"; };
		9688C30F281FAB59002D0314 /* ButtonListView.swift */ = {isa = PBXFileReference; lastKnownFileType = sourcecode.swift; path = ButtonListView.swift; sourceTree = "<group>"; };
		9688C312281FAF77002D0314 /* PinkButton.swift */ = {isa = PBXFileReference; lastKnownFileType = sourcecode.swift; path = PinkButton.swift; sourceTree = "<group>"; };
		9688C315281FBC13002D0314 /* CustomMethod.swift */ = {isa = PBXFileReference; lastKnownFileType = sourcecode.swift; path = CustomMethod.swift; sourceTree = "<group>"; };
		968A471E28183B4C00491FD6 /* SCBook.app */ = {isa = PBXFileReference; explicitFileType = wrapper.application; includeInIndex = 0; path = SCBook.app; sourceTree = BUILT_PRODUCTS_DIR; };
		968A472128183B4C00491FD6 /* SCBookApp.swift */ = {isa = PBXFileReference; lastKnownFileType = sourcecode.swift; path = SCBookApp.swift; sourceTree = "<group>"; };
		968A472328183B4C00491FD6 /* ContentView.swift */ = {isa = PBXFileReference; lastKnownFileType = sourcecode.swift; path = ContentView.swift; sourceTree = "<group>"; };
		968A472528183B4D00491FD6 /* Assets.xcassets */ = {isa = PBXFileReference; lastKnownFileType = folder.assetcatalog; path = Assets.xcassets; sourceTree = "<group>"; };
		968A472828183B4D00491FD6 /* Preview Assets.xcassets */ = {isa = PBXFileReference; lastKnownFileType = folder.assetcatalog; path = "Preview Assets.xcassets"; sourceTree = "<group>"; };
		968A472E28183B4D00491FD6 /* SCBookTests.xctest */ = {isa = PBXFileReference; explicitFileType = wrapper.cfbundle; includeInIndex = 0; path = SCBookTests.xctest; sourceTree = BUILT_PRODUCTS_DIR; };
		968A473228183B4D00491FD6 /* SCBookTests.swift */ = {isa = PBXFileReference; lastKnownFileType = sourcecode.swift; path = SCBookTests.swift; sourceTree = "<group>"; };
		968A473828183B4D00491FD6 /* SCBookUITests.xctest */ = {isa = PBXFileReference; explicitFileType = wrapper.cfbundle; includeInIndex = 0; path = SCBookUITests.xctest; sourceTree = BUILT_PRODUCTS_DIR; };
		968A473C28183B4D00491FD6 /* SCBookUITests.swift */ = {isa = PBXFileReference; lastKnownFileType = sourcecode.swift; path = SCBookUITests.swift; sourceTree = "<group>"; };
		968A473E28183B4D00491FD6 /* SCBookUITestsLaunchTests.swift */ = {isa = PBXFileReference; lastKnownFileType = sourcecode.swift; path = SCBookUITestsLaunchTests.swift; sourceTree = "<group>"; };
		969363132818FF9800D10081 /* FaceDraw.swift */ = {isa = PBXFileReference; lastKnownFileType = sourcecode.swift; path = FaceDraw.swift; sourceTree = "<group>"; };
		969363152818FFC200D10081 /* Face.swift */ = {isa = PBXFileReference; lastKnownFileType = sourcecode.swift; path = Face.swift; sourceTree = "<group>"; };
		969363172819075100D10081 /* LineDraw.swift */ = {isa = PBXFileReference; lastKnownFileType = sourcecode.swift; path = LineDraw.swift; sourceTree = "<group>"; };
		96936319281907CE00D10081 /* Line.swift */ = {isa = PBXFileReference; lastKnownFileType = sourcecode.swift; path = Line.swift; sourceTree = "<group>"; };
		9693631B281907DA00D10081 /* Line2.swift */ = {isa = PBXFileReference; lastKnownFileType = sourcecode.swift; path = Line2.swift; sourceTree = "<group>"; };
		9693631F28190C8900D10081 /* Curve.swift */ = {isa = PBXFileReference; lastKnownFileType = sourcecode.swift; path = Curve.swift; sourceTree = "<group>"; };
		9693632128190D4400D10081 /* CurveDraw.swift */ = {isa = PBXFileReference; lastKnownFileType = sourcecode.swift; path = CurveDraw.swift; sourceTree = "<group>"; };
		9693632328190EE000D10081 /* StarDraw.swift */ = {isa = PBXFileReference; lastKnownFileType = sourcecode.swift; path = StarDraw.swift; sourceTree = "<group>"; };
		9693632528190EEE00D10081 /* Stars.swift */ = {isa = PBXFileReference; lastKnownFileType = sourcecode.swift; path = Stars.swift; sourceTree = "<group>"; };
		96936327281912B900D10081 /* Planets.swift */ = {isa = PBXFileReference; lastKnownFileType = sourcecode.swift; path = Planets.swift; sourceTree = "<group>"; };
		9693632B2819244300D10081 /* MainListView.swift */ = {isa = PBXFileReference; lastKnownFileType = sourcecode.swift; path = MainListView.swift; sourceTree = "<group>"; };
		96936335281938E700D10081 /* GradientText.swift */ = {isa = PBXFileReference; lastKnownFileType = sourcecode.swift; path = GradientText.swift; sourceTree = "<group>"; };
		9693633A28193A9500D10081 /* Glassmorphism.swift */ = {isa = PBXFileReference; lastKnownFileType = sourcecode.swift; path = Glassmorphism.swift; sourceTree = "<group>"; };
		96A38B842819A19C00720CB8 /* MoonSky.mp4 */ = {isa = PBXFileReference; lastKnownFileType = file; path = MoonSky.mp4; sourceTree = "<group>"; };
		96A38B862819A25500720CB8 /* LoopingPlayer.swift */ = {isa = PBXFileReference; lastKnownFileType = sourcecode.swift; path = LoopingPlayer.swift; sourceTree = "<group>"; };
		96A38B892819A8C900720CB8 /* TransitionView.swift */ = {isa = PBXFileReference; lastKnownFileType = sourcecode.swift; path = TransitionView.swift; sourceTree = "<group>"; };
		96AD32BF281A3CAA006BF27C /* ListModel.swift */ = {isa = PBXFileReference; lastKnownFileType = sourcecode.swift; path = ListModel.swift; sourceTree = "<group>"; };
		96AD32C1281A3CDD006BF27C /* ListViewModel.swift */ = {isa = PBXFileReference; lastKnownFileType = sourcecode.swift; path = ListViewModel.swift; sourceTree = "<group>"; };
		96AD32C3281A42CB006BF27C /* LinkEnum.swift */ = {isa = PBXFileReference; lastKnownFileType = sourcecode.swift; path = LinkEnum.swift; sourceTree = "<group>"; };
		96AD32C5281A46F8006BF27C /* HigCellView.swift */ = {isa = PBXFileReference; lastKnownFileType = sourcecode.swift; path = HigCellView.swift; sourceTree = "<group>"; };
		96AD32C7281A4CD6006BF27C /* HIGView.swift */ = {isa = PBXFileReference; lastKnownFileType = sourcecode.swift; path = HIGView.swift; sourceTree = "<group>"; };
		96B03078282292270090AC34 /* FontWeightView.swift */ = {isa = PBXFileReference; lastKnownFileType = sourcecode.swift; path = FontWeightView.swift; sourceTree = "<group>"; };
		96B0307A2822943D0090AC34 /* FontDesignView.swift */ = {isa = PBXFileReference; lastKnownFileType = sourcecode.swift; path = FontDesignView.swift; sourceTree = "<group>"; };
		96B0307C282298050090AC34 /* FontListView.swift */ = {isa = PBXFileReference; lastKnownFileType = sourcecode.swift; path = FontListView.swift; sourceTree = "<group>"; };
		96B0307E282298F30090AC34 /* MarkdownView.swift */ = {isa = PBXFileReference; lastKnownFileType = sourcecode.swift; path = MarkdownView.swift; sourceTree = "<group>"; };
		96B0308028229DB00090AC34 /* TextRotationView.swift */ = {isa = PBXFileReference; lastKnownFileType = sourcecode.swift; path = TextRotationView.swift; sourceTree = "<group>"; };
		96B030862822BFED0090AC34 /* StepperView.swift */ = {isa = PBXFileReference; lastKnownFileType = sourcecode.swift; path = StepperView.swift; sourceTree = "<group>"; };
		96B030892822C9D60090AC34 /* SegmentedView.swift */ = {isa = PBXFileReference; lastKnownFileType = sourcecode.swift; path = SegmentedView.swift; sourceTree = "<group>"; };
		96B0FD1D281A7255001FC040 /* FaceJeju.swift */ = {isa = PBXFileReference; lastKnownFileType = sourcecode.swift; path = FaceJeju.swift; sourceTree = "<group>"; };
		96B0FD24281A7B09001FC040 /* CloudDraw.swift */ = {isa = PBXFileReference; lastKnownFileType = sourcecode.swift; path = CloudDraw.swift; sourceTree = "<group>"; };
		96B0FD26281A7B14001FC040 /* Cloud.swift */ = {isa = PBXFileReference; lastKnownFileType = sourcecode.swift; path = Cloud.swift; sourceTree = "<group>"; };
		96B0FD29281A80AB001FC040 /* OrangeDraw.swift */ = {isa = PBXFileReference; lastKnownFileType = sourcecode.swift; path = OrangeDraw.swift; sourceTree = "<group>"; };
		96B0FD2B281A80C0001FC040 /* Orange.swift */ = {isa = PBXFileReference; lastKnownFileType = sourcecode.swift; path = Orange.swift; sourceTree = "<group>"; };
		96BA3DC8281BD34400A8D4DE /* LazyVGridView.swift */ = {isa = PBXFileReference; lastKnownFileType = sourcecode.swift; path = LazyVGridView.swift; sourceTree = "<group>"; };
		96BFF0D428202BEF00E4F1D7 /* BasicButtons.swift */ = {isa = PBXFileReference; lastKnownFileType = sourcecode.swift; path = BasicButtons.swift; sourceTree = "<group>"; };
		96C2A51B28225CDF00FC73E3 /* TextFieldView.swift */ = {isa = PBXFileReference; lastKnownFileType = sourcecode.swift; path = TextFieldView.swift; sourceTree = "<group>"; };
		96C2A51E28225D0C00FC73E3 /* FontSizeView.swift */ = {isa = PBXFileReference; lastKnownFileType = sourcecode.swift; path = FontSizeView.swift; sourceTree = "<group>"; };
		96C2A5292822793A00FC73E3 /* ReversedInt.swift */ = {isa = PBXFileReference; lastKnownFileType = sourcecode.swift; path = ReversedInt.swift; sourceTree = "<group>"; };
/* End PBXFileReference section */

/* Begin PBXFrameworksBuildPhase section */
		968A471B28183B4C00491FD6 /* Frameworks */ = {
			isa = PBXFrameworksBuildPhase;
			buildActionMask = 2147483647;
			files = (
				96C2A52828226F1300FC73E3 /* CoolDownUIMapper in Frameworks */,
				9693630A2818EE8700D10081 /* SwiftUIX in Frameworks */,
				96C2A52428226F1300FC73E3 /* CoolDownAttributedString in Frameworks */,
				96C2A52628226F1300FC73E3 /* CoolDownSwiftUIMapper in Frameworks */,
				96C2A52228226F1300FC73E3 /* CoolDown in Frameworks */,
			);
			runOnlyForDeploymentPostprocessing = 0;
		};
		968A472B28183B4D00491FD6 /* Frameworks */ = {
			isa = PBXFrameworksBuildPhase;
			buildActionMask = 2147483647;
			files = (
			);
			runOnlyForDeploymentPostprocessing = 0;
		};
		968A473528183B4D00491FD6 /* Frameworks */ = {
			isa = PBXFrameworksBuildPhase;
			buildActionMask = 2147483647;
			files = (
			);
			runOnlyForDeploymentPostprocessing = 0;
		};
/* End PBXFrameworksBuildPhase section */

/* Begin PBXGroup section */
		961C0B0B2823A021007FFC34 /* Mountain */ = {
			isa = PBXGroup;
			children = (
				961C0B0E2823A1D1007FFC34 /* Mountain.swift */,
				961C0B092823A01A007FFC34 /* MountainDraw.swift */,
			);
			path = Mountain;
			sourceTree = "<group>";
		};
		96273DE32824F2EE00A9F896 /* ViewModel */ = {
			isa = PBXGroup;
			children = (
				96AD32C1281A3CDD006BF27C /* ListViewModel.swift */,
				96060165281AE9D800BA0257 /* ColorDict.swift */,
			);
			path = ViewModel;
			sourceTree = "<group>";
		};
		96273DE42824F34700A9F896 /* Model */ = {
			isa = PBXGroup;
			children = (
				96AD32BF281A3CAA006BF27C /* ListModel.swift */,
				967933C6281AFF09006E8177 /* dummyList.json */,
			);
			path = Model;
			sourceTree = "<group>";
		};
		9633CA41281BAE6D006F1F36 /* View */ = {
			isa = PBXGroup;
			children = (
				9693633A28193A9500D10081 /* Glassmorphism.swift */,
				96A38B862819A25500720CB8 /* LoopingPlayer.swift */,
			);
			path = View;
			sourceTree = "<group>";
		};
		9633CA44281BAE83006F1F36 /* Cell */ = {
			isa = PBXGroup;
			children = (
				9633CA42281BAE7C006F1F36 /* GlassCell.swift */,
			);
			path = Cell;
			sourceTree = "<group>";
		};
		963756D5281F8E6F00EC9CC1 /* Extension */ = {
			isa = PBXGroup;
			children = (
				963756D6281F8E7C00EC9CC1 /* extension.swift */,
			);
			path = Extension;
			sourceTree = "<group>";
		};
		9637932E2828EA5F00F040FB /* HigView */ = {
			isa = PBXGroup;
			children = (
				96A38B892819A8C900720CB8 /* TransitionView.swift */,
				96AD32C5281A46F8006BF27C /* HigCellView.swift */,
				96AD32C7281A4CD6006BF27C /* HIGView.swift */,
			);
			path = HigView;
			sourceTree = "<group>";
		};
		9688C311281FAB67002D0314 /* Button */ = {
			isa = PBXGroup;
			children = (
				9688C30F281FAB59002D0314 /* ButtonListView.swift */,
				96BFF0D428202BEF00E4F1D7 /* BasicButtons.swift */,
				965176312820D0B5009A121E /* MorphismButtons.swift */,
			);
			path = Button;
			sourceTree = "<group>";
		};
		9688C314281FAF7D002D0314 /* CustomBuilder */ = {
			isa = PBXGroup;
			children = (
				96AD32C3281A42CB006BF27C /* LinkEnum.swift */,
				9688C312281FAF77002D0314 /* PinkButton.swift */,
				9688C315281FBC13002D0314 /* CustomMethod.swift */,
				962CFE72281C4913001E20DC /* Theme.swift */,
			);
			path = CustomBuilder;
			sourceTree = "<group>";
		};
		968A471528183B4C00491FD6 = {
			isa = PBXGroup;
			children = (
				968A472028183B4C00491FD6 /* SCBook */,
				961C0B0528237A1C007FFC34 /* LaunchScreen.storyboard */,
				968A473128183B4D00491FD6 /* SCBookTests */,
				968A473B28183B4D00491FD6 /* SCBookUITests */,
				968A471F28183B4C00491FD6 /* Products */,
			);
			sourceTree = "<group>";
		};
		968A471F28183B4C00491FD6 /* Products */ = {
			isa = PBXGroup;
			children = (
				968A471E28183B4C00491FD6 /* SCBook.app */,
				968A472E28183B4D00491FD6 /* SCBookTests.xctest */,
				968A473828183B4D00491FD6 /* SCBookUITests.xctest */,
			);
			name = Products;
			sourceTree = "<group>";
		};
		968A472028183B4C00491FD6 /* SCBook */ = {
			isa = PBXGroup;
			children = (
				961C0B0728238BC4007FFC34 /* AppDelegate.swift */,
				968A472128183B4C00491FD6 /* SCBookApp.swift */,
				96B0FD1A281A69B7001FC040 /* View */,
				96273DE32824F2EE00A9F896 /* ViewModel */,
				96273DE42824F34700A9F896 /* Model */,
				9693632928191D1400D10081 /* Graphic */,
				963756D5281F8E6F00EC9CC1 /* Extension */,
				9688C314281FAF7D002D0314 /* CustomBuilder */,
				96B030822822AA7F0090AC34 /* Dummy */,
				96A38B832819A17200720CB8 /* Assets */,
				968A472528183B4D00491FD6 /* Assets.xcassets */,
				968A472728183B4D00491FD6 /* Preview Content */,
			);
			path = SCBook;
			sourceTree = "<group>";
		};
		968A472728183B4D00491FD6 /* Preview Content */ = {
			isa = PBXGroup;
			children = (
				968A472828183B4D00491FD6 /* Preview Assets.xcassets */,
			);
			path = "Preview Content";
			sourceTree = "<group>";
		};
		968A473128183B4D00491FD6 /* SCBookTests */ = {
			isa = PBXGroup;
			children = (
				968A473228183B4D00491FD6 /* SCBookTests.swift */,
			);
			path = SCBookTests;
			sourceTree = "<group>";
		};
		968A473B28183B4D00491FD6 /* SCBookUITests */ = {
			isa = PBXGroup;
			children = (
				968A473C28183B4D00491FD6 /* SCBookUITests.swift */,
				968A473E28183B4D00491FD6 /* SCBookUITestsLaunchTests.swift */,
			);
			path = SCBookUITests;
			sourceTree = "<group>";
		};
		9693632928191D1400D10081 /* Graphic */ = {
			isa = PBXGroup;
			children = (
				96B0FD21281A78C3001FC040 /* Waves */,
				96B0FD22281A78CE001FC040 /* Faces */,
				96B0FD20281A78BA001FC040 /* Lines */,
				96B0FD23281A78D9001FC040 /* Curves */,
				96B0FD28281A7D8F001FC040 /* Cloud */,
				96B0FD2D281A841D001FC040 /* Oranges */,
				96B0FD2E281A86D7001FC040 /* StarPlanet */,
				961C0B0B2823A021007FFC34 /* Mountain */,
			);
			path = Graphic;
			sourceTree = "<group>";
		};
		9693632A28191D2B00D10081 /* Background */ = {
			isa = PBXGroup;
			children = (
				9633CA3F281BA6AE006F1F36 /* BackgroundList.swift */,
				9633CA44281BAE83006F1F36 /* Cell */,
				9633CA41281BAE6D006F1F36 /* View */,
			);
			path = Background;
			sourceTree = "<group>";
		};
		96936337281939D400D10081 /* Font */ = {
			isa = PBXGroup;
			children = (
				96B0307C282298050090AC34 /* FontListView.swift */,
				96C2A51E28225D0C00FC73E3 /* FontSizeView.swift */,
				96B03078282292270090AC34 /* FontWeightView.swift */,
				96B0307A2822943D0090AC34 /* FontDesignView.swift */,
				96B0307E282298F30090AC34 /* MarkdownView.swift */,
				96B0308028229DB00090AC34 /* TextRotationView.swift */,
			);
			path = Font;
			sourceTree = "<group>";
		};
		96A38B832819A17200720CB8 /* Assets */ = {
			isa = PBXGroup;
			children = (
				96A38B842819A19C00720CB8 /* MoonSky.mp4 */,
			);
			path = Assets;
			sourceTree = "<group>";
		};
		96A38B882819A8B800720CB8 /* Components */ = {
			isa = PBXGroup;
			children = (
				9688C311281FAB67002D0314 /* Button */,
				9693632A28191D2B00D10081 /* Background */,
				96C2A51D28225CE700FC73E3 /* TextField */,
				96B0308B2822C9DA0090AC34 /* SegmentedBar */,
				96936337281939D400D10081 /* Font */,
				96B030882822C4300090AC34 /* Stepper */,
				96BA3DC7281BD32A00A8D4DE /* LayoutStyle */,
			);
			path = Components;
			sourceTree = "<group>";
		};
		96B030822822AA7F0090AC34 /* Dummy */ = {
			isa = PBXGroup;
			children = (
				96C2A5292822793A00FC73E3 /* ReversedInt.swift */,
				96936335281938E700D10081 /* GradientText.swift */,
			);
			path = Dummy;
			sourceTree = "<group>";
		};
		96B030882822C4300090AC34 /* Stepper */ = {
			isa = PBXGroup;
			children = (
				96B030862822BFED0090AC34 /* StepperView.swift */,
			);
			path = Stepper;
			sourceTree = "<group>";
		};
		96B0308B2822C9DA0090AC34 /* SegmentedBar */ = {
			isa = PBXGroup;
			children = (
				96B030892822C9D60090AC34 /* SegmentedView.swift */,
			);
			path = SegmentedBar;
			sourceTree = "<group>";
		};
		96B0FD1A281A69B7001FC040 /* View */ = {
			isa = PBXGroup;
			children = (
				968A472328183B4C00491FD6 /* ContentView.swift */,
				9667B601281854260011C988 /* Onboarding.swift */,
				9693632B2819244300D10081 /* MainListView.swift */,
				9637932E2828EA5F00F040FB /* HigView */,
				96A38B882819A8B800720CB8 /* Components */,
			);
			path = View;
			sourceTree = "<group>";
		};
		96B0FD20281A78BA001FC040 /* Lines */ = {
			isa = PBXGroup;
			children = (
				96936319281907CE00D10081 /* Line.swift */,
				9693631B281907DA00D10081 /* Line2.swift */,
				969363172819075100D10081 /* LineDraw.swift */,
			);
			path = Lines;
			sourceTree = "<group>";
		};
		96B0FD21281A78C3001FC040 /* Waves */ = {
			isa = PBXGroup;
			children = (
				9667B603281863790011C988 /* Wave.swift */,
				9667B608281869450011C988 /* Wave2.swift */,
				9667B606281868EE0011C988 /* WaveDraw.swift */,
			);
			path = Waves;
			sourceTree = "<group>";
		};
		96B0FD22281A78CE001FC040 /* Faces */ = {
			isa = PBXGroup;
			children = (
				969363152818FFC200D10081 /* Face.swift */,
				96B0FD1D281A7255001FC040 /* FaceJeju.swift */,
				969363132818FF9800D10081 /* FaceDraw.swift */,
			);
			path = Faces;
			sourceTree = "<group>";
		};
		96B0FD23281A78D9001FC040 /* Curves */ = {
			isa = PBXGroup;
			children = (
				9693631F28190C8900D10081 /* Curve.swift */,
				9693632128190D4400D10081 /* CurveDraw.swift */,
			);
			path = Curves;
			sourceTree = "<group>";
		};
		96B0FD28281A7D8F001FC040 /* Cloud */ = {
			isa = PBXGroup;
			children = (
				96B0FD26281A7B14001FC040 /* Cloud.swift */,
				96B0FD24281A7B09001FC040 /* CloudDraw.swift */,
			);
			path = Cloud;
			sourceTree = "<group>";
		};
		96B0FD2D281A841D001FC040 /* Oranges */ = {
			isa = PBXGroup;
			children = (
				96B0FD2B281A80C0001FC040 /* Orange.swift */,
				96B0FD29281A80AB001FC040 /* OrangeDraw.swift */,
			);
			path = Oranges;
			sourceTree = "<group>";
		};
		96B0FD2E281A86D7001FC040 /* StarPlanet */ = {
			isa = PBXGroup;
			children = (
				96936327281912B900D10081 /* Planets.swift */,
				9693632528190EEE00D10081 /* Stars.swift */,
				9693632328190EE000D10081 /* StarDraw.swift */,
			);
			path = StarPlanet;
			sourceTree = "<group>";
		};
		96BA3DC7281BD32A00A8D4DE /* LayoutStyle */ = {
			isa = PBXGroup;
			children = (
				960FFF1D281E9F0F006CEB52 /* LayoutNavView.swift */,
				96BA3DC8281BD34400A8D4DE /* LazyVGridView.swift */,
				966CADD5281E7C0600EF7324 /* CustomLayoutView.swift */,
				9607E605281D654400F1C461 /* CustomLayout.swift */,
			);
			path = LayoutStyle;
			sourceTree = "<group>";
		};
		96C2A51D28225CE700FC73E3 /* TextField */ = {
			isa = PBXGroup;
			children = (
				96C2A51B28225CDF00FC73E3 /* TextFieldView.swift */,
			);
			path = TextField;
			sourceTree = "<group>";
		};
/* End PBXGroup section */

/* Begin PBXNativeTarget section */
		968A471D28183B4C00491FD6 /* SCBook */ = {
			isa = PBXNativeTarget;
			buildConfigurationList = 968A474228183B4D00491FD6 /* Build configuration list for PBXNativeTarget "SCBook" */;
			buildPhases = (
				968A471A28183B4C00491FD6 /* Sources */,
				968A471B28183B4C00491FD6 /* Frameworks */,
				968A471C28183B4C00491FD6 /* Resources */,
			);
			buildRules = (
			);
			dependencies = (
			);
			name = SCBook;
			packageProductDependencies = (
				969363092818EE8700D10081 /* SwiftUIX */,
				96C2A52128226F1300FC73E3 /* CoolDown */,
				96C2A52328226F1300FC73E3 /* CoolDownAttributedString */,
				96C2A52528226F1300FC73E3 /* CoolDownSwiftUIMapper */,
				96C2A52728226F1300FC73E3 /* CoolDownUIMapper */,
			);
			productName = SCBook;
			productReference = 968A471E28183B4C00491FD6 /* SCBook.app */;
			productType = "com.apple.product-type.application";
		};
		968A472D28183B4D00491FD6 /* SCBookTests */ = {
			isa = PBXNativeTarget;
			buildConfigurationList = 968A474528183B4D00491FD6 /* Build configuration list for PBXNativeTarget "SCBookTests" */;
			buildPhases = (
				968A472A28183B4D00491FD6 /* Sources */,
				968A472B28183B4D00491FD6 /* Frameworks */,
				968A472C28183B4D00491FD6 /* Resources */,
			);
			buildRules = (
			);
			dependencies = (
				968A473028183B4D00491FD6 /* PBXTargetDependency */,
			);
			name = SCBookTests;
			productName = SCBookTests;
			productReference = 968A472E28183B4D00491FD6 /* SCBookTests.xctest */;
			productType = "com.apple.product-type.bundle.unit-test";
		};
		968A473728183B4D00491FD6 /* SCBookUITests */ = {
			isa = PBXNativeTarget;
			buildConfigurationList = 968A474828183B4D00491FD6 /* Build configuration list for PBXNativeTarget "SCBookUITests" */;
			buildPhases = (
				968A473428183B4D00491FD6 /* Sources */,
				968A473528183B4D00491FD6 /* Frameworks */,
				968A473628183B4D00491FD6 /* Resources */,
			);
			buildRules = (
			);
			dependencies = (
				968A473A28183B4D00491FD6 /* PBXTargetDependency */,
			);
			name = SCBookUITests;
			productName = SCBookUITests;
			productReference = 968A473828183B4D00491FD6 /* SCBookUITests.xctest */;
			productType = "com.apple.product-type.bundle.ui-testing";
		};
/* End PBXNativeTarget section */

/* Begin PBXProject section */
		968A471628183B4C00491FD6 /* Project object */ = {
			isa = PBXProject;
			attributes = {
				BuildIndependentTargetsInParallel = 1;
				LastSwiftUpdateCheck = 1330;
				LastUpgradeCheck = 1330;
				TargetAttributes = {
					968A471D28183B4C00491FD6 = {
						CreatedOnToolsVersion = 13.3;
					};
					968A472D28183B4D00491FD6 = {
						CreatedOnToolsVersion = 13.3;
						TestTargetID = 968A471D28183B4C00491FD6;
					};
					968A473728183B4D00491FD6 = {
						CreatedOnToolsVersion = 13.3;
						TestTargetID = 968A471D28183B4C00491FD6;
					};
				};
			};
			buildConfigurationList = 968A471928183B4C00491FD6 /* Build configuration list for PBXProject "SCBook" */;
			compatibilityVersion = "Xcode 13.0";
			developmentRegion = en;
			hasScannedForEncodings = 0;
			knownRegions = (
				en,
				Base,
			);
			mainGroup = 968A471528183B4C00491FD6;
			packageReferences = (
				969363082818EE8700D10081 /* XCRemoteSwiftPackageReference "SwiftUIX" */,
				96C2A52028226F1300FC73E3 /* XCRemoteSwiftPackageReference "CoolDown" */,
				96B0DEDF2822DACD00EF28B5 /* XCRemoteSwiftPackageReference "AxisSegmentedView" */,
			);
			productRefGroup = 968A471F28183B4C00491FD6 /* Products */;
			projectDirPath = "";
			projectRoot = "";
			targets = (
				968A471D28183B4C00491FD6 /* SCBook */,
				968A472D28183B4D00491FD6 /* SCBookTests */,
				968A473728183B4D00491FD6 /* SCBookUITests */,
			);
		};
/* End PBXProject section */

/* Begin PBXResourcesBuildPhase section */
		968A471C28183B4C00491FD6 /* Resources */ = {
			isa = PBXResourcesBuildPhase;
			buildActionMask = 2147483647;
			files = (
				968A472928183B4D00491FD6 /* Preview Assets.xcassets in Resources */,
				96A38B852819A19C00720CB8 /* MoonSky.mp4 in Resources */,
				967933C7281AFF09006E8177 /* dummyList.json in Resources */,
				961C0B0628237A1C007FFC34 /* LaunchScreen.storyboard in Resources */,
				968A472628183B4D00491FD6 /* Assets.xcassets in Resources */,
			);
			runOnlyForDeploymentPostprocessing = 0;
		};
		968A472C28183B4D00491FD6 /* Resources */ = {
			isa = PBXResourcesBuildPhase;
			buildActionMask = 2147483647;
			files = (
			);
			runOnlyForDeploymentPostprocessing = 0;
		};
		968A473628183B4D00491FD6 /* Resources */ = {
			isa = PBXResourcesBuildPhase;
			buildActionMask = 2147483647;
			files = (
			);
			runOnlyForDeploymentPostprocessing = 0;
		};
/* End PBXResourcesBuildPhase section */

/* Begin PBXSourcesBuildPhase section */
		968A471A28183B4C00491FD6 /* Sources */ = {
			isa = PBXSourcesBuildPhase;
			buildActionMask = 2147483647;
			files = (
				969363182819075100D10081 /* LineDraw.swift in Sources */,
				9693632628190EEE00D10081 /* Stars.swift in Sources */,
				9693632028190C8900D10081 /* Curve.swift in Sources */,
				96B0FD2A281A80AB001FC040 /* OrangeDraw.swift in Sources */,
				9667B607281868EE0011C988 /* WaveDraw.swift in Sources */,
				9667B604281863790011C988 /* Wave.swift in Sources */,
				9693632228190D4400D10081 /* CurveDraw.swift in Sources */,
				96B0307D282298050090AC34 /* FontListView.swift in Sources */,
				9667B602281854260011C988 /* Onboarding.swift in Sources */,
				969363142818FF9800D10081 /* FaceDraw.swift in Sources */,
				969363162818FFC200D10081 /* Face.swift in Sources */,
				96C2A51C28225CDF00FC73E3 /* TextFieldView.swift in Sources */,
				9667B609281869450011C988 /* Wave2.swift in Sources */,
				96C2A52A2822793A00FC73E3 /* ReversedInt.swift in Sources */,
				96A38B8A2819A8C900720CB8 /* TransitionView.swift in Sources */,
				96936336281938E700D10081 /* GradientText.swift in Sources */,
				962CFE73281C4913001E20DC /* Theme.swift in Sources */,
				9693633B28193A9500D10081 /* Glassmorphism.swift in Sources */,
				968A472428183B4C00491FD6 /* ContentView.swift in Sources */,
				9633CA43281BAE7C006F1F36 /* GlassCell.swift in Sources */,
				96AD32C2281A3CDD006BF27C /* ListViewModel.swift in Sources */,
				96AD32C4281A42CB006BF27C /* LinkEnum.swift in Sources */,
				96C2A51F28225D0C00FC73E3 /* FontSizeView.swift in Sources */,
				9633CA40281BA6AE006F1F36 /* BackgroundList.swift in Sources */,
				96AD32C0281A3CAA006BF27C /* ListModel.swift in Sources */,
				9693631C281907DA00D10081 /* Line2.swift in Sources */,
				963756D7281F8E7C00EC9CC1 /* extension.swift in Sources */,
				96AD32C8281A4CD6006BF27C /* HIGView.swift in Sources */,
				96BA3DC9281BD34400A8D4DE /* LazyVGridView.swift in Sources */,
				96AD32C6281A46F9006BF27C /* HigCellView.swift in Sources */,
				968A472228183B4C00491FD6 /* SCBookApp.swift in Sources */,
				9693631A281907CE00D10081 /* Line.swift in Sources */,
				961C0B0828238BC4007FFC34 /* AppDelegate.swift in Sources */,
				96B0FD25281A7B09001FC040 /* CloudDraw.swift in Sources */,
				9688C313281FAF77002D0314 /* PinkButton.swift in Sources */,
				9693632428190EE000D10081 /* StarDraw.swift in Sources */,
				960FFF1E281E9F0F006CEB52 /* LayoutNavView.swift in Sources */,
				9688C316281FBC13002D0314 /* CustomMethod.swift in Sources */,
				96060166281AE9D800BA0257 /* ColorDict.swift in Sources */,
				96B0308128229DB00090AC34 /* TextRotationView.swift in Sources */,
				965176322820D0B5009A121E /* MorphismButtons.swift in Sources */,
				96B030872822BFED0090AC34 /* StepperView.swift in Sources */,
				96B0FD2C281A80C0001FC040 /* Orange.swift in Sources */,
				96B0FD1E281A7255001FC040 /* FaceJeju.swift in Sources */,
				96B0FD27281A7B14001FC040 /* Cloud.swift in Sources */,
				96B0307B2822943D0090AC34 /* FontDesignView.swift in Sources */,
				961C0B0F2823A1D1007FFC34 /* Mountain.swift in Sources */,
				9693632C2819244300D10081 /* MainListView.swift in Sources */,
				96B0308A2822C9D60090AC34 /* SegmentedView.swift in Sources */,
				9607E606281D654400F1C461 /* CustomLayout.swift in Sources */,
				966CADD6281E7C0600EF7324 /* CustomLayoutView.swift in Sources */,
				96936328281912B900D10081 /* Planets.swift in Sources */,
				961C0B0A2823A01A007FFC34 /* MountainDraw.swift in Sources */,
				96BFF0D528202BEF00E4F1D7 /* BasicButtons.swift in Sources */,
				9688C310281FAB59002D0314 /* ButtonListView.swift in Sources */,
				96B03079282292270090AC34 /* FontWeightView.swift in Sources */,
				96A38B872819A25500720CB8 /* LoopingPlayer.swift in Sources */,
				96B0307F282298F30090AC34 /* MarkdownView.swift in Sources */,
			);
			runOnlyForDeploymentPostprocessing = 0;
		};
		968A472A28183B4D00491FD6 /* Sources */ = {
			isa = PBXSourcesBuildPhase;
			buildActionMask = 2147483647;
			files = (
				968A473328183B4D00491FD6 /* SCBookTests.swift in Sources */,
			);
			runOnlyForDeploymentPostprocessing = 0;
		};
		968A473428183B4D00491FD6 /* Sources */ = {
			isa = PBXSourcesBuildPhase;
			buildActionMask = 2147483647;
			files = (
				968A473D28183B4D00491FD6 /* SCBookUITests.swift in Sources */,
				968A473F28183B4D00491FD6 /* SCBookUITestsLaunchTests.swift in Sources */,
			);
			runOnlyForDeploymentPostprocessing = 0;
		};
/* End PBXSourcesBuildPhase section */

/* Begin PBXTargetDependency section */
		968A473028183B4D00491FD6 /* PBXTargetDependency */ = {
			isa = PBXTargetDependency;
			target = 968A471D28183B4C00491FD6 /* SCBook */;
			targetProxy = 968A472F28183B4D00491FD6 /* PBXContainerItemProxy */;
		};
		968A473A28183B4D00491FD6 /* PBXTargetDependency */ = {
			isa = PBXTargetDependency;
			target = 968A471D28183B4C00491FD6 /* SCBook */;
			targetProxy = 968A473928183B4D00491FD6 /* PBXContainerItemProxy */;
		};
/* End PBXTargetDependency section */

/* Begin XCBuildConfiguration section */
		968A474028183B4D00491FD6 /* Debug */ = {
			isa = XCBuildConfiguration;
			buildSettings = {
				ALWAYS_SEARCH_USER_PATHS = NO;
				CLANG_ANALYZER_NONNULL = YES;
				CLANG_ANALYZER_NUMBER_OBJECT_CONVERSION = YES_AGGRESSIVE;
				CLANG_CXX_LANGUAGE_STANDARD = "gnu++17";
				CLANG_ENABLE_MODULES = YES;
				CLANG_ENABLE_OBJC_ARC = YES;
				CLANG_ENABLE_OBJC_WEAK = YES;
				CLANG_WARN_BLOCK_CAPTURE_AUTORELEASING = YES;
				CLANG_WARN_BOOL_CONVERSION = YES;
				CLANG_WARN_COMMA = YES;
				CLANG_WARN_CONSTANT_CONVERSION = YES;
				CLANG_WARN_DEPRECATED_OBJC_IMPLEMENTATIONS = YES;
				CLANG_WARN_DIRECT_OBJC_ISA_USAGE = YES_ERROR;
				CLANG_WARN_DOCUMENTATION_COMMENTS = YES;
				CLANG_WARN_EMPTY_BODY = YES;
				CLANG_WARN_ENUM_CONVERSION = YES;
				CLANG_WARN_INFINITE_RECURSION = YES;
				CLANG_WARN_INT_CONVERSION = YES;
				CLANG_WARN_NON_LITERAL_NULL_CONVERSION = YES;
				CLANG_WARN_OBJC_IMPLICIT_RETAIN_SELF = YES;
				CLANG_WARN_OBJC_LITERAL_CONVERSION = YES;
				CLANG_WARN_OBJC_ROOT_CLASS = YES_ERROR;
				CLANG_WARN_QUOTED_INCLUDE_IN_FRAMEWORK_HEADER = YES;
				CLANG_WARN_RANGE_LOOP_ANALYSIS = YES;
				CLANG_WARN_STRICT_PROTOTYPES = YES;
				CLANG_WARN_SUSPICIOUS_MOVE = YES;
				CLANG_WARN_UNGUARDED_AVAILABILITY = YES_AGGRESSIVE;
				CLANG_WARN_UNREACHABLE_CODE = YES;
				CLANG_WARN__DUPLICATE_METHOD_MATCH = YES;
				COPY_PHASE_STRIP = NO;
				DEBUG_INFORMATION_FORMAT = dwarf;
				ENABLE_STRICT_OBJC_MSGSEND = YES;
				ENABLE_TESTABILITY = YES;
				GCC_C_LANGUAGE_STANDARD = gnu11;
				GCC_DYNAMIC_NO_PIC = NO;
				GCC_NO_COMMON_BLOCKS = YES;
				GCC_OPTIMIZATION_LEVEL = 0;
				GCC_PREPROCESSOR_DEFINITIONS = (
					"DEBUG=1",
					"$(inherited)",
				);
				GCC_WARN_64_TO_32_BIT_CONVERSION = YES;
				GCC_WARN_ABOUT_RETURN_TYPE = YES_ERROR;
				GCC_WARN_UNDECLARED_SELECTOR = YES;
				GCC_WARN_UNINITIALIZED_AUTOS = YES_AGGRESSIVE;
				GCC_WARN_UNUSED_FUNCTION = YES;
				GCC_WARN_UNUSED_VARIABLE = YES;
				IPHONEOS_DEPLOYMENT_TARGET = 15.4;
				MTL_ENABLE_DEBUG_INFO = INCLUDE_SOURCE;
				MTL_FAST_MATH = YES;
				ONLY_ACTIVE_ARCH = YES;
				SDKROOT = iphoneos;
				SWIFT_ACTIVE_COMPILATION_CONDITIONS = DEBUG;
				SWIFT_OPTIMIZATION_LEVEL = "-Onone";
			};
			name = Debug;
		};
		968A474128183B4D00491FD6 /* Release */ = {
			isa = XCBuildConfiguration;
			buildSettings = {
				ALWAYS_SEARCH_USER_PATHS = NO;
				CLANG_ANALYZER_NONNULL = YES;
				CLANG_ANALYZER_NUMBER_OBJECT_CONVERSION = YES_AGGRESSIVE;
				CLANG_CXX_LANGUAGE_STANDARD = "gnu++17";
				CLANG_ENABLE_MODULES = YES;
				CLANG_ENABLE_OBJC_ARC = YES;
				CLANG_ENABLE_OBJC_WEAK = YES;
				CLANG_WARN_BLOCK_CAPTURE_AUTORELEASING = YES;
				CLANG_WARN_BOOL_CONVERSION = YES;
				CLANG_WARN_COMMA = YES;
				CLANG_WARN_CONSTANT_CONVERSION = YES;
				CLANG_WARN_DEPRECATED_OBJC_IMPLEMENTATIONS = YES;
				CLANG_WARN_DIRECT_OBJC_ISA_USAGE = YES_ERROR;
				CLANG_WARN_DOCUMENTATION_COMMENTS = YES;
				CLANG_WARN_EMPTY_BODY = YES;
				CLANG_WARN_ENUM_CONVERSION = YES;
				CLANG_WARN_INFINITE_RECURSION = YES;
				CLANG_WARN_INT_CONVERSION = YES;
				CLANG_WARN_NON_LITERAL_NULL_CONVERSION = YES;
				CLANG_WARN_OBJC_IMPLICIT_RETAIN_SELF = YES;
				CLANG_WARN_OBJC_LITERAL_CONVERSION = YES;
				CLANG_WARN_OBJC_ROOT_CLASS = YES_ERROR;
				CLANG_WARN_QUOTED_INCLUDE_IN_FRAMEWORK_HEADER = YES;
				CLANG_WARN_RANGE_LOOP_ANALYSIS = YES;
				CLANG_WARN_STRICT_PROTOTYPES = YES;
				CLANG_WARN_SUSPICIOUS_MOVE = YES;
				CLANG_WARN_UNGUARDED_AVAILABILITY = YES_AGGRESSIVE;
				CLANG_WARN_UNREACHABLE_CODE = YES;
				CLANG_WARN__DUPLICATE_METHOD_MATCH = YES;
				COPY_PHASE_STRIP = NO;
				DEBUG_INFORMATION_FORMAT = "dwarf-with-dsym";
				ENABLE_NS_ASSERTIONS = NO;
				ENABLE_STRICT_OBJC_MSGSEND = YES;
				GCC_C_LANGUAGE_STANDARD = gnu11;
				GCC_NO_COMMON_BLOCKS = YES;
				GCC_WARN_64_TO_32_BIT_CONVERSION = YES;
				GCC_WARN_ABOUT_RETURN_TYPE = YES_ERROR;
				GCC_WARN_UNDECLARED_SELECTOR = YES;
				GCC_WARN_UNINITIALIZED_AUTOS = YES_AGGRESSIVE;
				GCC_WARN_UNUSED_FUNCTION = YES;
				GCC_WARN_UNUSED_VARIABLE = YES;
				IPHONEOS_DEPLOYMENT_TARGET = 15.4;
				MTL_ENABLE_DEBUG_INFO = NO;
				MTL_FAST_MATH = YES;
				SDKROOT = iphoneos;
				SWIFT_COMPILATION_MODE = wholemodule;
				SWIFT_OPTIMIZATION_LEVEL = "-O";
				VALIDATE_PRODUCT = YES;
			};
			name = Release;
		};
		968A474328183B4D00491FD6 /* Debug */ = {
			isa = XCBuildConfiguration;
			buildSettings = {
				ASSETCATALOG_COMPILER_APPICON_NAME = AppIcon;
				ASSETCATALOG_COMPILER_GLOBAL_ACCENT_COLOR_NAME = AccentColor;
				CODE_SIGN_STYLE = Automatic;
				CURRENT_PROJECT_VERSION = 1;
				DEVELOPMENT_ASSET_PATHS = "\"SCBook/Preview Content\"";
				DEVELOPMENT_TEAM = B2RV52W8G3;
				ENABLE_PREVIEWS = YES;
				GENERATE_INFOPLIST_FILE = YES;
				INFOPLIST_KEY_UIApplicationSceneManifest_Generation = YES;
				INFOPLIST_KEY_UIApplicationSupportsIndirectInputEvents = YES;
				INFOPLIST_KEY_UILaunchScreen_Generation = YES;
				INFOPLIST_KEY_UILaunchStoryboardName = LaunchScreen;
				INFOPLIST_KEY_UISupportedInterfaceOrientations_iPad = "UIInterfaceOrientationPortrait UIInterfaceOrientationPortraitUpsideDown UIInterfaceOrientationLandscapeLeft UIInterfaceOrientationLandscapeRight";
				INFOPLIST_KEY_UISupportedInterfaceOrientations_iPhone = "UIInterfaceOrientationPortrait UIInterfaceOrientationLandscapeLeft UIInterfaceOrientationLandscapeRight";
				IPHONEOS_DEPLOYMENT_TARGET = 15.4;
				LD_RUNPATH_SEARCH_PATHS = (
					"$(inherited)",
					"@executable_path/Frameworks",
				);
				MARKETING_VERSION = 1.0;
				PRODUCT_BUNDLE_IDENTIFIER = com.swiftist.SCBook;
				PRODUCT_NAME = "$(TARGET_NAME)";
				SWIFT_EMIT_LOC_STRINGS = YES;
				SWIFT_VERSION = 5.0;
				TARGETED_DEVICE_FAMILY = 1;
			};
			name = Debug;
		};
		968A474428183B4D00491FD6 /* Release */ = {
			isa = XCBuildConfiguration;
			buildSettings = {
				ASSETCATALOG_COMPILER_APPICON_NAME = AppIcon;
				ASSETCATALOG_COMPILER_GLOBAL_ACCENT_COLOR_NAME = AccentColor;
				CODE_SIGN_STYLE = Automatic;
				CURRENT_PROJECT_VERSION = 1;
				DEVELOPMENT_ASSET_PATHS = "\"SCBook/Preview Content\"";
				DEVELOPMENT_TEAM = B2RV52W8G3;
				ENABLE_PREVIEWS = YES;
				GENERATE_INFOPLIST_FILE = YES;
				INFOPLIST_KEY_UIApplicationSceneManifest_Generation = YES;
				INFOPLIST_KEY_UIApplicationSupportsIndirectInputEvents = YES;
				INFOPLIST_KEY_UILaunchScreen_Generation = YES;
				INFOPLIST_KEY_UILaunchStoryboardName = LaunchScreen;
				INFOPLIST_KEY_UISupportedInterfaceOrientations_iPad = "UIInterfaceOrientationPortrait UIInterfaceOrientationPortraitUpsideDown UIInterfaceOrientationLandscapeLeft UIInterfaceOrientationLandscapeRight";
				INFOPLIST_KEY_UISupportedInterfaceOrientations_iPhone = "UIInterfaceOrientationPortrait UIInterfaceOrientationLandscapeLeft UIInterfaceOrientationLandscapeRight";
				IPHONEOS_DEPLOYMENT_TARGET = 15.4;
				LD_RUNPATH_SEARCH_PATHS = (
					"$(inherited)",
					"@executable_path/Frameworks",
				);
				MARKETING_VERSION = 1.0;
				PRODUCT_BUNDLE_IDENTIFIER = com.swiftist.SCBook;
				PRODUCT_NAME = "$(TARGET_NAME)";
				SWIFT_EMIT_LOC_STRINGS = YES;
				SWIFT_VERSION = 5.0;
				TARGETED_DEVICE_FAMILY = 1;
			};
			name = Release;
		};
		968A474628183B4D00491FD6 /* Debug */ = {
			isa = XCBuildConfiguration;
			buildSettings = {
				ALWAYS_EMBED_SWIFT_STANDARD_LIBRARIES = YES;
				BUNDLE_LOADER = "$(TEST_HOST)";
				CODE_SIGN_STYLE = Automatic;
				CURRENT_PROJECT_VERSION = 1;
				DEVELOPMENT_TEAM = B2RV52W8G3;
				GENERATE_INFOPLIST_FILE = YES;
				IPHONEOS_DEPLOYMENT_TARGET = 15.4;
				MARKETING_VERSION = 1.0;
				PRODUCT_BUNDLE_IDENTIFIER = com.swiftist.SCBookTests;
				PRODUCT_NAME = "$(TARGET_NAME)";
				SWIFT_EMIT_LOC_STRINGS = NO;
				SWIFT_VERSION = 5.0;
				TARGETED_DEVICE_FAMILY = "1,2";
				TEST_HOST = "$(BUILT_PRODUCTS_DIR)/SCBook.app/SCBook";
			};
			name = Debug;
		};
		968A474728183B4D00491FD6 /* Release */ = {
			isa = XCBuildConfiguration;
			buildSettings = {
				ALWAYS_EMBED_SWIFT_STANDARD_LIBRARIES = YES;
				BUNDLE_LOADER = "$(TEST_HOST)";
				CODE_SIGN_STYLE = Automatic;
				CURRENT_PROJECT_VERSION = 1;
				DEVELOPMENT_TEAM = B2RV52W8G3;
				GENERATE_INFOPLIST_FILE = YES;
				IPHONEOS_DEPLOYMENT_TARGET = 15.4;
				MARKETING_VERSION = 1.0;
				PRODUCT_BUNDLE_IDENTIFIER = com.swiftist.SCBookTests;
				PRODUCT_NAME = "$(TARGET_NAME)";
				SWIFT_EMIT_LOC_STRINGS = NO;
				SWIFT_VERSION = 5.0;
				TARGETED_DEVICE_FAMILY = "1,2";
				TEST_HOST = "$(BUILT_PRODUCTS_DIR)/SCBook.app/SCBook";
			};
			name = Release;
		};
		968A474928183B4D00491FD6 /* Debug */ = {
			isa = XCBuildConfiguration;
			buildSettings = {
				ALWAYS_EMBED_SWIFT_STANDARD_LIBRARIES = YES;
				CODE_SIGN_STYLE = Automatic;
				CURRENT_PROJECT_VERSION = 1;
				DEVELOPMENT_TEAM = B2RV52W8G3;
				GENERATE_INFOPLIST_FILE = YES;
				MARKETING_VERSION = 1.0;
				PRODUCT_BUNDLE_IDENTIFIER = com.swiftist.SCBookUITests;
				PRODUCT_NAME = "$(TARGET_NAME)";
				SWIFT_EMIT_LOC_STRINGS = NO;
				SWIFT_VERSION = 5.0;
				TARGETED_DEVICE_FAMILY = "1,2";
				TEST_TARGET_NAME = SCBook;
			};
			name = Debug;
		};
		968A474A28183B4D00491FD6 /* Release */ = {
			isa = XCBuildConfiguration;
			buildSettings = {
				ALWAYS_EMBED_SWIFT_STANDARD_LIBRARIES = YES;
				CODE_SIGN_STYLE = Automatic;
				CURRENT_PROJECT_VERSION = 1;
				DEVELOPMENT_TEAM = B2RV52W8G3;
				GENERATE_INFOPLIST_FILE = YES;
				MARKETING_VERSION = 1.0;
				PRODUCT_BUNDLE_IDENTIFIER = com.swiftist.SCBookUITests;
				PRODUCT_NAME = "$(TARGET_NAME)";
				SWIFT_EMIT_LOC_STRINGS = NO;
				SWIFT_VERSION = 5.0;
				TARGETED_DEVICE_FAMILY = "1,2";
				TEST_TARGET_NAME = SCBook;
			};
			name = Release;
		};
/* End XCBuildConfiguration section */

/* Begin XCConfigurationList section */
		968A471928183B4C00491FD6 /* Build configuration list for PBXProject "SCBook" */ = {
			isa = XCConfigurationList;
			buildConfigurations = (
				968A474028183B4D00491FD6 /* Debug */,
				968A474128183B4D00491FD6 /* Release */,
			);
			defaultConfigurationIsVisible = 0;
			defaultConfigurationName = Release;
		};
		968A474228183B4D00491FD6 /* Build configuration list for PBXNativeTarget "SCBook" */ = {
			isa = XCConfigurationList;
			buildConfigurations = (
				968A474328183B4D00491FD6 /* Debug */,
				968A474428183B4D00491FD6 /* Release */,
			);
			defaultConfigurationIsVisible = 0;
			defaultConfigurationName = Release;
		};
		968A474528183B4D00491FD6 /* Build configuration list for PBXNativeTarget "SCBookTests" */ = {
			isa = XCConfigurationList;
			buildConfigurations = (
				968A474628183B4D00491FD6 /* Debug */,
				968A474728183B4D00491FD6 /* Release */,
			);
			defaultConfigurationIsVisible = 0;
			defaultConfigurationName = Release;
		};
		968A474828183B4D00491FD6 /* Build configuration list for PBXNativeTarget "SCBookUITests" */ = {
			isa = XCConfigurationList;
			buildConfigurations = (
				968A474928183B4D00491FD6 /* Debug */,
				968A474A28183B4D00491FD6 /* Release */,
			);
			defaultConfigurationIsVisible = 0;
			defaultConfigurationName = Release;
		};
/* End XCConfigurationList section */

/* Begin XCRemoteSwiftPackageReference section */
		969363082818EE8700D10081 /* XCRemoteSwiftPackageReference "SwiftUIX" */ = {
			isa = XCRemoteSwiftPackageReference;
			repositoryURL = "https://github.com/SwiftUIX/SwiftUIX";
			requirement = {
				kind = upToNextMajorVersion;
				minimumVersion = 0.1.2;
			};
		};
		96B0DEDF2822DACD00EF28B5 /* XCRemoteSwiftPackageReference "AxisSegmentedView" */ = {
			isa = XCRemoteSwiftPackageReference;
			repositoryURL = "https://github.com/jasudev/AxisSegmentedView.git";
			requirement = {
				kind = upToNextMajorVersion;
				minimumVersion = 0.5.2;
			};
		};
		96C2A52028226F1300FC73E3 /* XCRemoteSwiftPackageReference "CoolDown" */ = {
			isa = XCRemoteSwiftPackageReference;
			repositoryURL = "https://github.com/techprimate/CoolDown";
			requirement = {
				branch = main;
				kind = branch;
			};
		};
/* End XCRemoteSwiftPackageReference section */

/* Begin XCSwiftPackageProductDependency section */
		969363092818EE8700D10081 /* SwiftUIX */ = {
			isa = XCSwiftPackageProductDependency;
			package = 969363082818EE8700D10081 /* XCRemoteSwiftPackageReference "SwiftUIX" */;
			productName = SwiftUIX;
		};
		96C2A52128226F1300FC73E3 /* CoolDown */ = {
			isa = XCSwiftPackageProductDependency;
			package = 96C2A52028226F1300FC73E3 /* XCRemoteSwiftPackageReference "CoolDown" */;
			productName = CoolDown;
		};
		96C2A52328226F1300FC73E3 /* CoolDownAttributedString */ = {
			isa = XCSwiftPackageProductDependency;
			package = 96C2A52028226F1300FC73E3 /* XCRemoteSwiftPackageReference "CoolDown" */;
			productName = CoolDownAttributedString;
		};
		96C2A52528226F1300FC73E3 /* CoolDownSwiftUIMapper */ = {
			isa = XCSwiftPackageProductDependency;
			package = 96C2A52028226F1300FC73E3 /* XCRemoteSwiftPackageReference "CoolDown" */;
			productName = CoolDownSwiftUIMapper;
		};
		96C2A52728226F1300FC73E3 /* CoolDownUIMapper */ = {
			isa = XCSwiftPackageProductDependency;
			package = 96C2A52028226F1300FC73E3 /* XCRemoteSwiftPackageReference "CoolDown" */;
			productName = CoolDownUIMapper;
		};
/* End XCSwiftPackageProductDependency section */
	};
	rootObject = 968A471628183B4C00491FD6 /* Project object */;
}
