// !$*UTF8*$!
{
	archiveVersion = 1;
	classes = {
	};
	objectVersion = 55;
	objects = {

/* Begin PBXBuildFile section */
		96060166281AE9D800BA0257 /* ColorDict.swift in Sources */ = {isa = PBXBuildFile; fileRef = 96060165281AE9D800BA0257 /* ColorDict.swift */; };
		9667B602281854260011C988 /* Onboarding.swift in Sources */ = {isa = PBXBuildFile; fileRef = 9667B601281854260011C988 /* Onboarding.swift */; };
		9667B604281863790011C988 /* Wave.swift in Sources */ = {isa = PBXBuildFile; fileRef = 9667B603281863790011C988 /* Wave.swift */; };
		9667B607281868EE0011C988 /* WaveDraw.swift in Sources */ = {isa = PBXBuildFile; fileRef = 9667B606281868EE0011C988 /* WaveDraw.swift */; };
		9667B609281869450011C988 /* Wave2.swift in Sources */ = {isa = PBXBuildFile; fileRef = 9667B608281869450011C988 /* Wave2.swift */; };
		967933C7281AFF09006E8177 /* dummyList.json in Resources */ = {isa = PBXBuildFile; fileRef = 967933C6281AFF09006E8177 /* dummyList.json */; };
		968A472228183B4C00491FD6 /* SCBookApp.swift in Sources */ = {isa = PBXBuildFile; fileRef = 968A472128183B4C00491FD6 /* SCBookApp.swift */; };
		968A472428183B4C00491FD6 /* ContentView.swift in Sources */ = {isa = PBXBuildFile; fileRef = 968A472328183B4C00491FD6 /* ContentView.swift */; };
		968A472628183B4D00491FD6 /* Assets.xcassets in Resources */ = {isa = PBXBuildFile; fileRef = 968A472528183B4D00491FD6 /* Assets.xcassets */; };
		968A472928183B4D00491FD6 /* Preview Assets.xcassets in Resources */ = {isa = PBXBuildFile; fileRef = 968A472828183B4D00491FD6 /* Preview Assets.xcassets */; };
		968A473328183B4D00491FD6 /* SCBookTests.swift in Sources */ = {isa = PBXBuildFile; fileRef = 968A473228183B4D00491FD6 /* SCBookTests.swift */; };
		968A473D28183B4D00491FD6 /* SCBookUITests.swift in Sources */ = {isa = PBXBuildFile; fileRef = 968A473C28183B4D00491FD6 /* SCBookUITests.swift */; };
		968A473F28183B4D00491FD6 /* SCBookUITestsLaunchTests.swift in Sources */ = {isa = PBXBuildFile; fileRef = 968A473E28183B4D00491FD6 /* SCBookUITestsLaunchTests.swift */; };
		9693630A2818EE8700D10081 /* SwiftUIX in Frameworks */ = {isa = PBXBuildFile; productRef = 969363092818EE8700D10081 /* SwiftUIX */; };
		969363142818FF9800D10081 /* FaceDraw.swift in Sources */ = {isa = PBXBuildFile; fileRef = 969363132818FF9800D10081 /* FaceDraw.swift */; };
		969363162818FFC200D10081 /* Face.swift in Sources */ = {isa = PBXBuildFile; fileRef = 969363152818FFC200D10081 /* Face.swift */; };
		969363182819075100D10081 /* LineDraw.swift in Sources */ = {isa = PBXBuildFile; fileRef = 969363172819075100D10081 /* LineDraw.swift */; };
		9693631A281907CE00D10081 /* Line.swift in Sources */ = {isa = PBXBuildFile; fileRef = 96936319281907CE00D10081 /* Line.swift */; };
		9693631C281907DA00D10081 /* Line2.swift in Sources */ = {isa = PBXBuildFile; fileRef = 9693631B281907DA00D10081 /* Line2.swift */; };
		9693632028190C8900D10081 /* Curve.swift in Sources */ = {isa = PBXBuildFile; fileRef = 9693631F28190C8900D10081 /* Curve.swift */; };
		9693632228190D4400D10081 /* CurveDraw.swift in Sources */ = {isa = PBXBuildFile; fileRef = 9693632128190D4400D10081 /* CurveDraw.swift */; };
		9693632428190EE000D10081 /* StarDraw.swift in Sources */ = {isa = PBXBuildFile; fileRef = 9693632328190EE000D10081 /* StarDraw.swift */; };
		9693632628190EEE00D10081 /* Stars.swift in Sources */ = {isa = PBXBuildFile; fileRef = 9693632528190EEE00D10081 /* Stars.swift */; };
		96936328281912B900D10081 /* Planets.swift in Sources */ = {isa = PBXBuildFile; fileRef = 96936327281912B900D10081 /* Planets.swift */; };
		9693632C2819244300D10081 /* MainListView.swift in Sources */ = {isa = PBXBuildFile; fileRef = 9693632B2819244300D10081 /* MainListView.swift */; };
		9693633228192B1100D10081 /* MyVStack.swift in Sources */ = {isa = PBXBuildFile; fileRef = 9693633128192B1100D10081 /* MyVStack.swift */; };
		9693633428192C7600D10081 /* FontModifiers.swift in Sources */ = {isa = PBXBuildFile; fileRef = 9693633328192C7600D10081 /* FontModifiers.swift */; };
		96936336281938E700D10081 /* GradientText.swift in Sources */ = {isa = PBXBuildFile; fileRef = 96936335281938E700D10081 /* GradientText.swift */; };
		9693633B28193A9500D10081 /* Glassmorphism.swift in Sources */ = {isa = PBXBuildFile; fileRef = 9693633A28193A9500D10081 /* Glassmorphism.swift */; };
		96A38B852819A19C00720CB8 /* MoonSky.mp4 in Resources */ = {isa = PBXBuildFile; fileRef = 96A38B842819A19C00720CB8 /* MoonSky.mp4 */; };
		96A38B872819A25500720CB8 /* LoopingPlayer.swift in Sources */ = {isa = PBXBuildFile; fileRef = 96A38B862819A25500720CB8 /* LoopingPlayer.swift */; };
		96A38B8A2819A8C900720CB8 /* TransitionView.swift in Sources */ = {isa = PBXBuildFile; fileRef = 96A38B892819A8C900720CB8 /* TransitionView.swift */; };
		96AD32C0281A3CAA006BF27C /* ListModel.swift in Sources */ = {isa = PBXBuildFile; fileRef = 96AD32BF281A3CAA006BF27C /* ListModel.swift */; };
		96AD32C2281A3CDD006BF27C /* ListViewModel.swift in Sources */ = {isa = PBXBuildFile; fileRef = 96AD32C1281A3CDD006BF27C /* ListViewModel.swift */; };
		96AD32C4281A42CB006BF27C /* LinkEnum.swift in Sources */ = {isa = PBXBuildFile; fileRef = 96AD32C3281A42CB006BF27C /* LinkEnum.swift */; };
		96AD32C6281A46F9006BF27C /* HigCellView.swift in Sources */ = {isa = PBXBuildFile; fileRef = 96AD32C5281A46F8006BF27C /* HigCellView.swift */; };
		96AD32C8281A4CD6006BF27C /* HIGView.swift in Sources */ = {isa = PBXBuildFile; fileRef = 96AD32C7281A4CD6006BF27C /* HIGView.swift */; };
		96B0FD1E281A7255001FC040 /* FaceJeju.swift in Sources */ = {isa = PBXBuildFile; fileRef = 96B0FD1D281A7255001FC040 /* FaceJeju.swift */; };
		96B0FD25281A7B09001FC040 /* CloudDraw.swift in Sources */ = {isa = PBXBuildFile; fileRef = 96B0FD24281A7B09001FC040 /* CloudDraw.swift */; };
		96B0FD27281A7B14001FC040 /* Cloud.swift in Sources */ = {isa = PBXBuildFile; fileRef = 96B0FD26281A7B14001FC040 /* Cloud.swift */; };
		96B0FD2A281A80AB001FC040 /* OrangeDraw.swift in Sources */ = {isa = PBXBuildFile; fileRef = 96B0FD29281A80AB001FC040 /* OrangeDraw.swift */; };
		96B0FD2C281A80C0001FC040 /* Orange.swift in Sources */ = {isa = PBXBuildFile; fileRef = 96B0FD2B281A80C0001FC040 /* Orange.swift */; };
/* End PBXBuildFile section */

/* Begin PBXContainerItemProxy section */
		968A472F28183B4D00491FD6 /* PBXContainerItemProxy */ = {
			isa = PBXContainerItemProxy;
			containerPortal = 968A471628183B4C00491FD6 /* Project object */;
			proxyType = 1;
			remoteGlobalIDString = 968A471D28183B4C00491FD6;
			remoteInfo = SCBook;
		};
		968A473928183B4D00491FD6 /* PBXContainerItemProxy */ = {
			isa = PBXContainerItemProxy;
			containerPortal = 968A471628183B4C00491FD6 /* Project object */;
			proxyType = 1;
			remoteGlobalIDString = 968A471D28183B4C00491FD6;
			remoteInfo = SCBook;
		};
/* End PBXContainerItemProxy section */

/* Begin PBXFileReference section */
		96060165281AE9D800BA0257 /* ColorDict.swift */ = {isa = PBXFileReference; lastKnownFileType = sourcecode.swift; path = ColorDict.swift; sourceTree = "<group>"; };
		9667B601281854260011C988 /* Onboarding.swift */ = {isa = PBXFileReference; lastKnownFileType = sourcecode.swift; path = Onboarding.swift; sourceTree = "<group>"; };
		9667B603281863790011C988 /* Wave.swift */ = {isa = PBXFileReference; lastKnownFileType = sourcecode.swift; path = Wave.swift; sourceTree = "<group>"; };
		9667B606281868EE0011C988 /* WaveDraw.swift */ = {isa = PBXFileReference; lastKnownFileType = sourcecode.swift; path = WaveDraw.swift; sourceTree = "<group>"; };
		9667B608281869450011C988 /* Wave2.swift */ = {isa = PBXFileReference; lastKnownFileType = sourcecode.swift; path = Wave2.swift; sourceTree = "<group>"; };
		967933C6281AFF09006E8177 /* dummyList.json */ = {isa = PBXFileReference; lastKnownFileType = text.json; path = dummyList.json; sourceTree = "<group>"; };
		968A471E28183B4C00491FD6 /* SCBook.app */ = {isa = PBXFileReference; explicitFileType = wrapper.application; includeInIndex = 0; path = SCBook.app; sourceTree = BUILT_PRODUCTS_DIR; };
		968A472128183B4C00491FD6 /* SCBookApp.swift */ = {isa = PBXFileReference; lastKnownFileType = sourcecode.swift; path = SCBookApp.swift; sourceTree = "<group>"; };
		968A472328183B4C00491FD6 /* ContentView.swift */ = {isa = PBXFileReference; lastKnownFileType = sourcecode.swift; path = ContentView.swift; sourceTree = "<group>"; };
		968A472528183B4D00491FD6 /* Assets.xcassets */ = {isa = PBXFileReference; lastKnownFileType = folder.assetcatalog; path = Assets.xcassets; sourceTree = "<group>"; };
		968A472828183B4D00491FD6 /* Preview Assets.xcassets */ = {isa = PBXFileReference; lastKnownFileType = folder.assetcatalog; path = "Preview Assets.xcassets"; sourceTree = "<group>"; };
		968A472E28183B4D00491FD6 /* SCBookTests.xctest */ = {isa = PBXFileReference; explicitFileType = wrapper.cfbundle; includeInIndex = 0; path = SCBookTests.xctest; sourceTree = BUILT_PRODUCTS_DIR; };
		968A473228183B4D00491FD6 /* SCBookTests.swift */ = {isa = PBXFileReference; lastKnownFileType = sourcecode.swift; path = SCBookTests.swift; sourceTree = "<group>"; };
		968A473828183B4D00491FD6 /* SCBookUITests.xctest */ = {isa = PBXFileReference; explicitFileType = wrapper.cfbundle; includeInIndex = 0; path = SCBookUITests.xctest; sourceTree = BUILT_PRODUCTS_DIR; };
		968A473C28183B4D00491FD6 /* SCBookUITests.swift */ = {isa = PBXFileReference; lastKnownFileType = sourcecode.swift; path = SCBookUITests.swift; sourceTree = "<group>"; };
		968A473E28183B4D00491FD6 /* SCBookUITestsLaunchTests.swift */ = {isa = PBXFileReference; lastKnownFileType = sourcecode.swift; path = SCBookUITestsLaunchTests.swift; sourceTree = "<group>"; };
		969363132818FF9800D10081 /* FaceDraw.swift */ = {isa = PBXFileReference; lastKnownFileType = sourcecode.swift; path = FaceDraw.swift; sourceTree = "<group>"; };
		969363152818FFC200D10081 /* Face.swift */ = {isa = PBXFileReference; lastKnownFileType = sourcecode.swift; path = Face.swift; sourceTree = "<group>"; };
		969363172819075100D10081 /* LineDraw.swift */ = {isa = PBXFileReference; lastKnownFileType = sourcecode.swift; path = LineDraw.swift; sourceTree = "<group>"; };
		96936319281907CE00D10081 /* Line.swift */ = {isa = PBXFileReference; lastKnownFileType = sourcecode.swift; path = Line.swift; sourceTree = "<group>"; };
		9693631B281907DA00D10081 /* Line2.swift */ = {isa = PBXFileReference; lastKnownFileType = sourcecode.swift; path = Line2.swift; sourceTree = "<group>"; };
		9693631F28190C8900D10081 /* Curve.swift */ = {isa = PBXFileReference; lastKnownFileType = sourcecode.swift; path = Curve.swift; sourceTree = "<group>"; };
		9693632128190D4400D10081 /* CurveDraw.swift */ = {isa = PBXFileReference; lastKnownFileType = sourcecode.swift; path = CurveDraw.swift; sourceTree = "<group>"; };
		9693632328190EE000D10081 /* StarDraw.swift */ = {isa = PBXFileReference; lastKnownFileType = sourcecode.swift; path = StarDraw.swift; sourceTree = "<group>"; };
		9693632528190EEE00D10081 /* Stars.swift */ = {isa = PBXFileReference; lastKnownFileType = sourcecode.swift; path = Stars.swift; sourceTree = "<group>"; };
		96936327281912B900D10081 /* Planets.swift */ = {isa = PBXFileReference; lastKnownFileType = sourcecode.swift; path = Planets.swift; sourceTree = "<group>"; };
		9693632B2819244300D10081 /* MainListView.swift */ = {isa = PBXFileReference; lastKnownFileType = sourcecode.swift; path = MainListView.swift; sourceTree = "<group>"; };
		9693633128192B1100D10081 /* MyVStack.swift */ = {isa = PBXFileReference; lastKnownFileType = sourcecode.swift; path = MyVStack.swift; sourceTree = "<group>"; };
		9693633328192C7600D10081 /* FontModifiers.swift */ = {isa = PBXFileReference; lastKnownFileType = sourcecode.swift; path = FontModifiers.swift; sourceTree = "<group>"; };
		96936335281938E700D10081 /* GradientText.swift */ = {isa = PBXFileReference; lastKnownFileType = sourcecode.swift; path = GradientText.swift; sourceTree = "<group>"; };
		9693633A28193A9500D10081 /* Glassmorphism.swift */ = {isa = PBXFileReference; lastKnownFileType = sourcecode.swift; path = Glassmorphism.swift; sourceTree = "<group>"; };
		96A38B842819A19C00720CB8 /* MoonSky.mp4 */ = {isa = PBXFileReference; lastKnownFileType = file; path = MoonSky.mp4; sourceTree = "<group>"; };
		96A38B862819A25500720CB8 /* LoopingPlayer.swift */ = {isa = PBXFileReference; lastKnownFileType = sourcecode.swift; path = LoopingPlayer.swift; sourceTree = "<group>"; };
		96A38B892819A8C900720CB8 /* TransitionView.swift */ = {isa = PBXFileReference; lastKnownFileType = sourcecode.swift; path = TransitionView.swift; sourceTree = "<group>"; };
		96AD32BF281A3CAA006BF27C /* ListModel.swift */ = {isa = PBXFileReference; lastKnownFileType = sourcecode.swift; path = ListModel.swift; sourceTree = "<group>"; };
		96AD32C1281A3CDD006BF27C /* ListViewModel.swift */ = {isa = PBXFileReference; lastKnownFileType = sourcecode.swift; path = ListViewModel.swift; sourceTree = "<group>"; };
		96AD32C3281A42CB006BF27C /* LinkEnum.swift */ = {isa = PBXFileReference; lastKnownFileType = sourcecode.swift; path = LinkEnum.swift; sourceTree = "<group>"; };
		96AD32C5281A46F8006BF27C /* HigCellView.swift */ = {isa = PBXFileReference; lastKnownFileType = sourcecode.swift; path = HigCellView.swift; sourceTree = "<group>"; };
		96AD32C7281A4CD6006BF27C /* HIGView.swift */ = {isa = PBXFileReference; lastKnownFileType = sourcecode.swift; path = HIGView.swift; sourceTree = "<group>"; };
		96B0FD1D281A7255001FC040 /* FaceJeju.swift */ = {isa = PBXFileReference; lastKnownFileType = sourcecode.swift; path = FaceJeju.swift; sourceTree = "<group>"; };
		96B0FD24281A7B09001FC040 /* CloudDraw.swift */ = {isa = PBXFileReference; lastKnownFileType = sourcecode.swift; path = CloudDraw.swift; sourceTree = "<group>"; };
		96B0FD26281A7B14001FC040 /* Cloud.swift */ = {isa = PBXFileReference; lastKnownFileType = sourcecode.swift; path = Cloud.swift; sourceTree = "<group>"; };
		96B0FD29281A80AB001FC040 /* OrangeDraw.swift */ = {isa = PBXFileReference; lastKnownFileType = sourcecode.swift; path = OrangeDraw.swift; sourceTree = "<group>"; };
		96B0FD2B281A80C0001FC040 /* Orange.swift */ = {isa = PBXFileReference; lastKnownFileType = sourcecode.swift; path = Orange.swift; sourceTree = "<group>"; };
/* End PBXFileReference section */

/* Begin PBXFrameworksBuildPhase section */
		968A471B28183B4C00491FD6 /* Frameworks */ = {
			isa = PBXFrameworksBuildPhase;
			buildActionMask = 2147483647;
			files = (
				9693630A2818EE8700D10081 /* SwiftUIX in Frameworks */,
			);
			runOnlyForDeploymentPostprocessing = 0;
		};
		968A472B28183B4D00491FD6 /* Frameworks */ = {
			isa = PBXFrameworksBuildPhase;
			buildActionMask = 2147483647;
			files = (
			);
			runOnlyForDeploymentPostprocessing = 0;
		};
		968A473528183B4D00491FD6 /* Frameworks */ = {
			isa = PBXFrameworksBuildPhase;
			buildActionMask = 2147483647;
			files = (
			);
			runOnlyForDeploymentPostprocessing = 0;
		};
/* End PBXFrameworksBuildPhase section */

/* Begin PBXGroup section */
		9667B605281868DF0011C988 /* Graphic */ = {
			isa = PBXGroup;
			children = (
				9693632928191D1400D10081 /* ForOnboarding */,
			);
			path = Graphic;
			sourceTree = "<group>";
		};
		968A471528183B4C00491FD6 = {
			isa = PBXGroup;
			children = (
				968A472028183B4C00491FD6 /* SCBook */,
				968A473128183B4D00491FD6 /* SCBookTests */,
				968A473B28183B4D00491FD6 /* SCBookUITests */,
				968A471F28183B4C00491FD6 /* Products */,
			);
			sourceTree = "<group>";
		};
		968A471F28183B4C00491FD6 /* Products */ = {
			isa = PBXGroup;
			children = (
				968A471E28183B4C00491FD6 /* SCBook.app */,
				968A472E28183B4D00491FD6 /* SCBookTests.xctest */,
				968A473828183B4D00491FD6 /* SCBookUITests.xctest */,
			);
			name = Products;
			sourceTree = "<group>";
		};
		968A472028183B4C00491FD6 /* SCBook */ = {
			isa = PBXGroup;
			children = (
				968A472128183B4C00491FD6 /* SCBookApp.swift */,
				968A472328183B4C00491FD6 /* ContentView.swift */,
				96B0FD1A281A69B7001FC040 /* Views */,
				96A38B882819A8B800720CB8 /* Transition */,
				9693632A28191D2B00D10081 /* BackgroundView */,
				96936337281939D400D10081 /* TextStyle */,
				9693633828193A4200D10081 /* ViewBuilder */,
				9693633928193A5900D10081 /* ViewModifier */,
				9667B605281868DF0011C988 /* Graphic */,
				96AD32BE281A3C7D006BF27C /* Entities */,
				96A38B832819A17200720CB8 /* Assets */,
				968A472528183B4D00491FD6 /* Assets.xcassets */,
				968A472728183B4D00491FD6 /* Preview Content */,
			);
			path = SCBook;
			sourceTree = "<group>";
		};
		968A472728183B4D00491FD6 /* Preview Content */ = {
			isa = PBXGroup;
			children = (
				968A472828183B4D00491FD6 /* Preview Assets.xcassets */,
			);
			path = "Preview Content";
			sourceTree = "<group>";
		};
		968A473128183B4D00491FD6 /* SCBookTests */ = {
			isa = PBXGroup;
			children = (
				968A473228183B4D00491FD6 /* SCBookTests.swift */,
			);
			path = SCBookTests;
			sourceTree = "<group>";
		};
		968A473B28183B4D00491FD6 /* SCBookUITests */ = {
			isa = PBXGroup;
			children = (
				968A473C28183B4D00491FD6 /* SCBookUITests.swift */,
				968A473E28183B4D00491FD6 /* SCBookUITestsLaunchTests.swift */,
			);
			path = SCBookUITests;
			sourceTree = "<group>";
		};
		9693632928191D1400D10081 /* ForOnboarding */ = {
			isa = PBXGroup;
			children = (
				96B0FD21281A78C3001FC040 /* Waves */,
				96B0FD22281A78CE001FC040 /* Faces */,
				96B0FD20281A78BA001FC040 /* Lines */,
				96B0FD23281A78D9001FC040 /* Curves */,
				96B0FD28281A7D8F001FC040 /* Cloud */,
				96B0FD2D281A841D001FC040 /* Oranges */,
				96B0FD2E281A86D7001FC040 /* StarPlanet */,
			);
			path = ForOnboarding;
			sourceTree = "<group>";
		};
		9693632A28191D2B00D10081 /* BackgroundView */ = {
			isa = PBXGroup;
			children = (
				9667B601281854260011C988 /* Onboarding.swift */,
				9693633A28193A9500D10081 /* Glassmorphism.swift */,
				96A38B862819A25500720CB8 /* LoopingPlayer.swift */,
			);
			path = BackgroundView;
			sourceTree = "<group>";
		};
		96936337281939D400D10081 /* TextStyle */ = {
			isa = PBXGroup;
			children = (
				96936335281938E700D10081 /* GradientText.swift */,
			);
			path = TextStyle;
			sourceTree = "<group>";
		};
		9693633828193A4200D10081 /* ViewBuilder */ = {
			isa = PBXGroup;
			children = (
				9693633128192B1100D10081 /* MyVStack.swift */,
			);
			path = ViewBuilder;
			sourceTree = "<group>";
		};
		9693633928193A5900D10081 /* ViewModifier */ = {
			isa = PBXGroup;
			children = (
				9693633328192C7600D10081 /* FontModifiers.swift */,
			);
			path = ViewModifier;
			sourceTree = "<group>";
		};
		96A38B832819A17200720CB8 /* Assets */ = {
			isa = PBXGroup;
			children = (
				96A38B842819A19C00720CB8 /* MoonSky.mp4 */,
			);
			path = Assets;
			sourceTree = "<group>";
		};
		96A38B882819A8B800720CB8 /* Transition */ = {
			isa = PBXGroup;
			children = (
				96A38B892819A8C900720CB8 /* TransitionView.swift */,
				96AD32C5281A46F8006BF27C /* HigCellView.swift */,
				96AD32C7281A4CD6006BF27C /* HIGView.swift */,
			);
			path = Transition;
			sourceTree = "<group>";
		};
		96AD32BE281A3C7D006BF27C /* Entities */ = {
			isa = PBXGroup;
			children = (
				96AD32BF281A3CAA006BF27C /* ListModel.swift */,
				96AD32C1281A3CDD006BF27C /* ListViewModel.swift */,
				96060165281AE9D800BA0257 /* ColorDict.swift */,
				96AD32C3281A42CB006BF27C /* LinkEnum.swift */,
				967933C6281AFF09006E8177 /* dummyList.json */,
			);
			path = Entities;
			sourceTree = "<group>";
		};
		96B0FD1A281A69B7001FC040 /* Views */ = {
			isa = PBXGroup;
			children = (
				9693632B2819244300D10081 /* MainListView.swift */,
			);
			path = Views;
			sourceTree = "<group>";
		};
		96B0FD20281A78BA001FC040 /* Lines */ = {
			isa = PBXGroup;
			children = (
				96936319281907CE00D10081 /* Line.swift */,
				9693631B281907DA00D10081 /* Line2.swift */,
				969363172819075100D10081 /* LineDraw.swift */,
			);
			path = Lines;
			sourceTree = "<group>";
		};
		96B0FD21281A78C3001FC040 /* Waves */ = {
			isa = PBXGroup;
			children = (
				9667B603281863790011C988 /* Wave.swift */,
				9667B608281869450011C988 /* Wave2.swift */,
				9667B606281868EE0011C988 /* WaveDraw.swift */,
			);
			path = Waves;
			sourceTree = "<group>";
		};
		96B0FD22281A78CE001FC040 /* Faces */ = {
			isa = PBXGroup;
			children = (
				969363152818FFC200D10081 /* Face.swift */,
				96B0FD1D281A7255001FC040 /* FaceJeju.swift */,
				969363132818FF9800D10081 /* FaceDraw.swift */,
			);
			path = Faces;
			sourceTree = "<group>";
		};
		96B0FD23281A78D9001FC040 /* Curves */ = {
			isa = PBXGroup;
			children = (
				9693631F28190C8900D10081 /* Curve.swift */,
				9693632128190D4400D10081 /* CurveDraw.swift */,
			);
			path = Curves;
			sourceTree = "<group>";
		};
		96B0FD28281A7D8F001FC040 /* Cloud */ = {
			isa = PBXGroup;
			children = (
				96B0FD26281A7B14001FC040 /* Cloud.swift */,
				96B0FD24281A7B09001FC040 /* CloudDraw.swift */,
			);
			path = Cloud;
			sourceTree = "<group>";
		};
		96B0FD2D281A841D001FC040 /* Oranges */ = {
			isa = PBXGroup;
			children = (
				96B0FD2B281A80C0001FC040 /* Orange.swift */,
				96B0FD29281A80AB001FC040 /* OrangeDraw.swift */,
			);
			path = Oranges;
			sourceTree = "<group>";
		};
		96B0FD2E281A86D7001FC040 /* StarPlanet */ = {
			isa = PBXGroup;
			children = (
				96936327281912B900D10081 /* Planets.swift */,
				9693632528190EEE00D10081 /* Stars.swift */,
				9693632328190EE000D10081 /* StarDraw.swift */,
			);
			path = StarPlanet;
			sourceTree = "<group>";
		};
/* End PBXGroup section */

/* Begin PBXNativeTarget section */
		968A471D28183B4C00491FD6 /* SCBook */ = {
			isa = PBXNativeTarget;
			buildConfigurationList = 968A474228183B4D00491FD6 /* Build configuration list for PBXNativeTarget "SCBook" */;
			buildPhases = (
				968A471A28183B4C00491FD6 /* Sources */,
				968A471B28183B4C00491FD6 /* Frameworks */,
				968A471C28183B4C00491FD6 /* Resources */,
			);
			buildRules = (
			);
			dependencies = (
			);
			name = SCBook;
			packageProductDependencies = (
				969363092818EE8700D10081 /* SwiftUIX */,
			);
			productName = SCBook;
			productReference = 968A471E28183B4C00491FD6 /* SCBook.app */;
			productType = "com.apple.product-type.application";
		};
		968A472D28183B4D00491FD6 /* SCBookTests */ = {
			isa = PBXNativeTarget;
			buildConfigurationList = 968A474528183B4D00491FD6 /* Build configuration list for PBXNativeTarget "SCBookTests" */;
			buildPhases = (
				968A472A28183B4D00491FD6 /* Sources */,
				968A472B28183B4D00491FD6 /* Frameworks */,
				968A472C28183B4D00491FD6 /* Resources */,
			);
			buildRules = (
			);
			dependencies = (
				968A473028183B4D00491FD6 /* PBXTargetDependency */,
			);
			name = SCBookTests;
			productName = SCBookTests;
			productReference = 968A472E28183B4D00491FD6 /* SCBookTests.xctest */;
			productType = "com.apple.product-type.bundle.unit-test";
		};
		968A473728183B4D00491FD6 /* SCBookUITests */ = {
			isa = PBXNativeTarget;
			buildConfigurationList = 968A474828183B4D00491FD6 /* Build configuration list for PBXNativeTarget "SCBookUITests" */;
			buildPhases = (
				968A473428183B4D00491FD6 /* Sources */,
				968A473528183B4D00491FD6 /* Frameworks */,
				968A473628183B4D00491FD6 /* Resources */,
			);
			buildRules = (
			);
			dependencies = (
				968A473A28183B4D00491FD6 /* PBXTargetDependency */,
			);
			name = SCBookUITests;
			productName = SCBookUITests;
			productReference = 968A473828183B4D00491FD6 /* SCBookUITests.xctest */;
			productType = "com.apple.product-type.bundle.ui-testing";
		};
/* End PBXNativeTarget section */

/* Begin PBXProject section */
		968A471628183B4C00491FD6 /* Project object */ = {
			isa = PBXProject;
			attributes = {
				BuildIndependentTargetsInParallel = 1;
				LastSwiftUpdateCheck = 1330;
				LastUpgradeCheck = 1330;
				TargetAttributes = {
					968A471D28183B4C00491FD6 = {
						CreatedOnToolsVersion = 13.3;
					};
					968A472D28183B4D00491FD6 = {
						CreatedOnToolsVersion = 13.3;
						TestTargetID = 968A471D28183B4C00491FD6;
					};
					968A473728183B4D00491FD6 = {
						CreatedOnToolsVersion = 13.3;
						TestTargetID = 968A471D28183B4C00491FD6;
					};
				};
			};
			buildConfigurationList = 968A471928183B4C00491FD6 /* Build configuration list for PBXProject "SCBook" */;
			compatibilityVersion = "Xcode 13.0";
			developmentRegion = en;
			hasScannedForEncodings = 0;
			knownRegions = (
				en,
				Base,
			);
			mainGroup = 968A471528183B4C00491FD6;
			packageReferences = (
				969363082818EE8700D10081 /* XCRemoteSwiftPackageReference "SwiftUIX" */,
			);
			productRefGroup = 968A471F28183B4C00491FD6 /* Products */;
			projectDirPath = "";
			projectRoot = "";
			targets = (
				968A471D28183B4C00491FD6 /* SCBook */,
				968A472D28183B4D00491FD6 /* SCBookTests */,
				968A473728183B4D00491FD6 /* SCBookUITests */,
			);
		};
/* End PBXProject section */

/* Begin PBXResourcesBuildPhase section */
		968A471C28183B4C00491FD6 /* Resources */ = {
			isa = PBXResourcesBuildPhase;
			buildActionMask = 2147483647;
			files = (
				968A472928183B4D00491FD6 /* Preview Assets.xcassets in Resources */,
				96A38B852819A19C00720CB8 /* MoonSky.mp4 in Resources */,
				967933C7281AFF09006E8177 /* dummyList.json in Resources */,
				968A472628183B4D00491FD6 /* Assets.xcassets in Resources */,
			);
			runOnlyForDeploymentPostprocessing = 0;
		};
		968A472C28183B4D00491FD6 /* Resources */ = {
			isa = PBXResourcesBuildPhase;
			buildActionMask = 2147483647;
			files = (
			);
			runOnlyForDeploymentPostprocessing = 0;
		};
		968A473628183B4D00491FD6 /* Resources */ = {
			isa = PBXResourcesBuildPhase;
			buildActionMask = 2147483647;
			files = (
			);
			runOnlyForDeploymentPostprocessing = 0;
		};
/* End PBXResourcesBuildPhase section */

/* Begin PBXSourcesBuildPhase section */
		968A471A28183B4C00491FD6 /* Sources */ = {
			isa = PBXSourcesBuildPhase;
			buildActionMask = 2147483647;
			files = (
				969363182819075100D10081 /* LineDraw.swift in Sources */,
				9693632628190EEE00D10081 /* Stars.swift in Sources */,
				9693632028190C8900D10081 /* Curve.swift in Sources */,
				96B0FD2A281A80AB001FC040 /* OrangeDraw.swift in Sources */,
				9667B607281868EE0011C988 /* WaveDraw.swift in Sources */,
				9667B604281863790011C988 /* Wave.swift in Sources */,
				9693632228190D4400D10081 /* CurveDraw.swift in Sources */,
				9667B602281854260011C988 /* Onboarding.swift in Sources */,
				969363142818FF9800D10081 /* FaceDraw.swift in Sources */,
				969363162818FFC200D10081 /* Face.swift in Sources */,
				9667B609281869450011C988 /* Wave2.swift in Sources */,
				96A38B8A2819A8C900720CB8 /* TransitionView.swift in Sources */,
				96936336281938E700D10081 /* GradientText.swift in Sources */,
				9693633B28193A9500D10081 /* Glassmorphism.swift in Sources */,
				9693633428192C7600D10081 /* FontModifiers.swift in Sources */,
				968A472428183B4C00491FD6 /* ContentView.swift in Sources */,
				96AD32C2281A3CDD006BF27C /* ListViewModel.swift in Sources */,
				96AD32C4281A42CB006BF27C /* LinkEnum.swift in Sources */,
				96AD32C0281A3CAA006BF27C /* ListModel.swift in Sources */,
				9693631C281907DA00D10081 /* Line2.swift in Sources */,
				96AD32C8281A4CD6006BF27C /* HIGView.swift in Sources */,
				96AD32C6281A46F9006BF27C /* HigCellView.swift in Sources */,
				968A472228183B4C00491FD6 /* SCBookApp.swift in Sources */,
				9693631A281907CE00D10081 /* Line.swift in Sources */,
				96B0FD25281A7B09001FC040 /* CloudDraw.swift in Sources */,
				9693632428190EE000D10081 /* StarDraw.swift in Sources */,
				96060166281AE9D800BA0257 /* ColorDict.swift in Sources */,
				9693633228192B1100D10081 /* MyVStack.swift in Sources */,
				96B0FD2C281A80C0001FC040 /* Orange.swift in Sources */,
				96B0FD1E281A7255001FC040 /* FaceJeju.swift in Sources */,
				96B0FD27281A7B14001FC040 /* Cloud.swift in Sources */,
				9693632C2819244300D10081 /* MainListView.swift in Sources */,
				96936328281912B900D10081 /* Planets.swift in Sources */,
				96A38B872819A25500720CB8 /* LoopingPlayer.swift in Sources */,
			);
			runOnlyForDeploymentPostprocessing = 0;
		};
		968A472A28183B4D00491FD6 /* Sources */ = {
			isa = PBXSourcesBuildPhase;
			buildActionMask = 2147483647;
			files = (
				968A473328183B4D00491FD6 /* SCBookTests.swift in Sources */,
			);
			runOnlyForDeploymentPostprocessing = 0;
		};
		968A473428183B4D00491FD6 /* Sources */ = {
			isa = PBXSourcesBuildPhase;
			buildActionMask = 2147483647;
			files = (
				968A473D28183B4D00491FD6 /* SCBookUITests.swift in Sources */,
				968A473F28183B4D00491FD6 /* SCBookUITestsLaunchTests.swift in Sources */,
			);
			runOnlyForDeploymentPostprocessing = 0;
		};
/* End PBXSourcesBuildPhase section */

/* Begin PBXTargetDependency section */
		968A473028183B4D00491FD6 /* PBXTargetDependency */ = {
			isa = PBXTargetDependency;
			target = 968A471D28183B4C00491FD6 /* SCBook */;
			targetProxy = 968A472F28183B4D00491FD6 /* PBXContainerItemProxy */;
		};
		968A473A28183B4D00491FD6 /* PBXTargetDependency */ = {
			isa = PBXTargetDependency;
			target = 968A471D28183B4C00491FD6 /* SCBook */;
			targetProxy = 968A473928183B4D00491FD6 /* PBXContainerItemProxy */;
		};
/* End PBXTargetDependency section */

/* Begin XCBuildConfiguration section */
		968A474028183B4D00491FD6 /* Debug */ = {
			isa = XCBuildConfiguration;
			buildSettings = {
				ALWAYS_SEARCH_USER_PATHS = NO;
				CLANG_ANALYZER_NONNULL = YES;
				CLANG_ANALYZER_NUMBER_OBJECT_CONVERSION = YES_AGGRESSIVE;
				CLANG_CXX_LANGUAGE_STANDARD = "gnu++17";
				CLANG_ENABLE_MODULES = YES;
				CLANG_ENABLE_OBJC_ARC = YES;
				CLANG_ENABLE_OBJC_WEAK = YES;
				CLANG_WARN_BLOCK_CAPTURE_AUTORELEASING = YES;
				CLANG_WARN_BOOL_CONVERSION = YES;
				CLANG_WARN_COMMA = YES;
				CLANG_WARN_CONSTANT_CONVERSION = YES;
				CLANG_WARN_DEPRECATED_OBJC_IMPLEMENTATIONS = YES;
				CLANG_WARN_DIRECT_OBJC_ISA_USAGE = YES_ERROR;
				CLANG_WARN_DOCUMENTATION_COMMENTS = YES;
				CLANG_WARN_EMPTY_BODY = YES;
				CLANG_WARN_ENUM_CONVERSION = YES;
				CLANG_WARN_INFINITE_RECURSION = YES;
				CLANG_WARN_INT_CONVERSION = YES;
				CLANG_WARN_NON_LITERAL_NULL_CONVERSION = YES;
				CLANG_WARN_OBJC_IMPLICIT_RETAIN_SELF = YES;
				CLANG_WARN_OBJC_LITERAL_CONVERSION = YES;
				CLANG_WARN_OBJC_ROOT_CLASS = YES_ERROR;
				CLANG_WARN_QUOTED_INCLUDE_IN_FRAMEWORK_HEADER = YES;
				CLANG_WARN_RANGE_LOOP_ANALYSIS = YES;
				CLANG_WARN_STRICT_PROTOTYPES = YES;
				CLANG_WARN_SUSPICIOUS_MOVE = YES;
				CLANG_WARN_UNGUARDED_AVAILABILITY = YES_AGGRESSIVE;
				CLANG_WARN_UNREACHABLE_CODE = YES;
				CLANG_WARN__DUPLICATE_METHOD_MATCH = YES;
				COPY_PHASE_STRIP = NO;
				DEBUG_INFORMATION_FORMAT = dwarf;
				ENABLE_STRICT_OBJC_MSGSEND = YES;
				ENABLE_TESTABILITY = YES;
				GCC_C_LANGUAGE_STANDARD = gnu11;
				GCC_DYNAMIC_NO_PIC = NO;
				GCC_NO_COMMON_BLOCKS = YES;
				GCC_OPTIMIZATION_LEVEL = 0;
				GCC_PREPROCESSOR_DEFINITIONS = (
					"DEBUG=1",
					"$(inherited)",
				);
				GCC_WARN_64_TO_32_BIT_CONVERSION = YES;
				GCC_WARN_ABOUT_RETURN_TYPE = YES_ERROR;
				GCC_WARN_UNDECLARED_SELECTOR = YES;
				GCC_WARN_UNINITIALIZED_AUTOS = YES_AGGRESSIVE;
				GCC_WARN_UNUSED_FUNCTION = YES;
				GCC_WARN_UNUSED_VARIABLE = YES;
				IPHONEOS_DEPLOYMENT_TARGET = 15.4;
				MTL_ENABLE_DEBUG_INFO = INCLUDE_SOURCE;
				MTL_FAST_MATH = YES;
				ONLY_ACTIVE_ARCH = YES;
				SDKROOT = iphoneos;
				SWIFT_ACTIVE_COMPILATION_CONDITIONS = DEBUG;
				SWIFT_OPTIMIZATION_LEVEL = "-Onone";
			};
			name = Debug;
		};
		968A474128183B4D00491FD6 /* Release */ = {
			isa = XCBuildConfiguration;
			buildSettings = {
				ALWAYS_SEARCH_USER_PATHS = NO;
				CLANG_ANALYZER_NONNULL = YES;
				CLANG_ANALYZER_NUMBER_OBJECT_CONVERSION = YES_AGGRESSIVE;
				CLANG_CXX_LANGUAGE_STANDARD = "gnu++17";
				CLANG_ENABLE_MODULES = YES;
				CLANG_ENABLE_OBJC_ARC = YES;
				CLANG_ENABLE_OBJC_WEAK = YES;
				CLANG_WARN_BLOCK_CAPTURE_AUTORELEASING = YES;
				CLANG_WARN_BOOL_CONVERSION = YES;
				CLANG_WARN_COMMA = YES;
				CLANG_WARN_CONSTANT_CONVERSION = YES;
				CLANG_WARN_DEPRECATED_OBJC_IMPLEMENTATIONS = YES;
				CLANG_WARN_DIRECT_OBJC_ISA_USAGE = YES_ERROR;
				CLANG_WARN_DOCUMENTATION_COMMENTS = YES;
				CLANG_WARN_EMPTY_BODY = YES;
				CLANG_WARN_ENUM_CONVERSION = YES;
				CLANG_WARN_INFINITE_RECURSION = YES;
				CLANG_WARN_INT_CONVERSION = YES;
				CLANG_WARN_NON_LITERAL_NULL_CONVERSION = YES;
				CLANG_WARN_OBJC_IMPLICIT_RETAIN_SELF = YES;
				CLANG_WARN_OBJC_LITERAL_CONVERSION = YES;
				CLANG_WARN_OBJC_ROOT_CLASS = YES_ERROR;
				CLANG_WARN_QUOTED_INCLUDE_IN_FRAMEWORK_HEADER = YES;
				CLANG_WARN_RANGE_LOOP_ANALYSIS = YES;
				CLANG_WARN_STRICT_PROTOTYPES = YES;
				CLANG_WARN_SUSPICIOUS_MOVE = YES;
				CLANG_WARN_UNGUARDED_AVAILABILITY = YES_AGGRESSIVE;
				CLANG_WARN_UNREACHABLE_CODE = YES;
				CLANG_WARN__DUPLICATE_METHOD_MATCH = YES;
				COPY_PHASE_STRIP = NO;
				DEBUG_INFORMATION_FORMAT = "dwarf-with-dsym";
				ENABLE_NS_ASSERTIONS = NO;
				ENABLE_STRICT_OBJC_MSGSEND = YES;
				GCC_C_LANGUAGE_STANDARD = gnu11;
				GCC_NO_COMMON_BLOCKS = YES;
				GCC_WARN_64_TO_32_BIT_CONVERSION = YES;
				GCC_WARN_ABOUT_RETURN_TYPE = YES_ERROR;
				GCC_WARN_UNDECLARED_SELECTOR = YES;
				GCC_WARN_UNINITIALIZED_AUTOS = YES_AGGRESSIVE;
				GCC_WARN_UNUSED_FUNCTION = YES;
				GCC_WARN_UNUSED_VARIABLE = YES;
				IPHONEOS_DEPLOYMENT_TARGET = 15.4;
				MTL_ENABLE_DEBUG_INFO = NO;
				MTL_FAST_MATH = YES;
				SDKROOT = iphoneos;
				SWIFT_COMPILATION_MODE = wholemodule;
				SWIFT_OPTIMIZATION_LEVEL = "-O";
				VALIDATE_PRODUCT = YES;
			};
			name = Release;
		};
		968A474328183B4D00491FD6 /* Debug */ = {
			isa = XCBuildConfiguration;
			buildSettings = {
				ASSETCATALOG_COMPILER_APPICON_NAME = AppIcon;
				ASSETCATALOG_COMPILER_GLOBAL_ACCENT_COLOR_NAME = AccentColor;
				CODE_SIGN_STYLE = Automatic;
				CURRENT_PROJECT_VERSION = 1;
				DEVELOPMENT_ASSET_PATHS = "\"SCBook/Preview Content\"";
				DEVELOPMENT_TEAM = B2RV52W8G3;
				ENABLE_PREVIEWS = YES;
				GENERATE_INFOPLIST_FILE = YES;
				INFOPLIST_KEY_UIApplicationSceneManifest_Generation = YES;
				INFOPLIST_KEY_UIApplicationSupportsIndirectInputEvents = YES;
				INFOPLIST_KEY_UILaunchScreen_Generation = YES;
				INFOPLIST_KEY_UISupportedInterfaceOrientations_iPad = "UIInterfaceOrientationPortrait UIInterfaceOrientationPortraitUpsideDown UIInterfaceOrientationLandscapeLeft UIInterfaceOrientationLandscapeRight";
				INFOPLIST_KEY_UISupportedInterfaceOrientations_iPhone = "UIInterfaceOrientationPortrait UIInterfaceOrientationLandscapeLeft UIInterfaceOrientationLandscapeRight";
				IPHONEOS_DEPLOYMENT_TARGET = 15.3;
				LD_RUNPATH_SEARCH_PATHS = (
					"$(inherited)",
					"@executable_path/Frameworks",
				);
				MARKETING_VERSION = 1.0;
				PRODUCT_BUNDLE_IDENTIFIER = com.swiftist.SCBook;
				PRODUCT_NAME = "$(TARGET_NAME)";
				SWIFT_EMIT_LOC_STRINGS = YES;
				SWIFT_VERSION = 5.0;
				TARGETED_DEVICE_FAMILY = 1;
			};
			name = Debug;
		};
		968A474428183B4D00491FD6 /* Release */ = {
			isa = XCBuildConfiguration;
			buildSettings = {
				ASSETCATALOG_COMPILER_APPICON_NAME = AppIcon;
				ASSETCATALOG_COMPILER_GLOBAL_ACCENT_COLOR_NAME = AccentColor;
				CODE_SIGN_STYLE = Automatic;
				CURRENT_PROJECT_VERSION = 1;
				DEVELOPMENT_ASSET_PATHS = "\"SCBook/Preview Content\"";
				DEVELOPMENT_TEAM = B2RV52W8G3;
				ENABLE_PREVIEWS = YES;
				GENERATE_INFOPLIST_FILE = YES;
				INFOPLIST_KEY_UIApplicationSceneManifest_Generation = YES;
				INFOPLIST_KEY_UIApplicationSupportsIndirectInputEvents = YES;
				INFOPLIST_KEY_UILaunchScreen_Generation = YES;
				INFOPLIST_KEY_UISupportedInterfaceOrientations_iPad = "UIInterfaceOrientationPortrait UIInterfaceOrientationPortraitUpsideDown UIInterfaceOrientationLandscapeLeft UIInterfaceOrientationLandscapeRight";
				INFOPLIST_KEY_UISupportedInterfaceOrientations_iPhone = "UIInterfaceOrientationPortrait UIInterfaceOrientationLandscapeLeft UIInterfaceOrientationLandscapeRight";
				IPHONEOS_DEPLOYMENT_TARGET = 15.3;
				LD_RUNPATH_SEARCH_PATHS = (
					"$(inherited)",
					"@executable_path/Frameworks",
				);
				MARKETING_VERSION = 1.0;
				PRODUCT_BUNDLE_IDENTIFIER = com.swiftist.SCBook;
				PRODUCT_NAME = "$(TARGET_NAME)";
				SWIFT_EMIT_LOC_STRINGS = YES;
				SWIFT_VERSION = 5.0;
				TARGETED_DEVICE_FAMILY = 1;
			};
			name = Release;
		};
		968A474628183B4D00491FD6 /* Debug */ = {
			isa = XCBuildConfiguration;
			buildSettings = {
				ALWAYS_EMBED_SWIFT_STANDARD_LIBRARIES = YES;
				BUNDLE_LOADER = "$(TEST_HOST)";
				CODE_SIGN_STYLE = Automatic;
				CURRENT_PROJECT_VERSION = 1;
				DEVELOPMENT_TEAM = B2RV52W8G3;
				GENERATE_INFOPLIST_FILE = YES;
				IPHONEOS_DEPLOYMENT_TARGET = 15.4;
				MARKETING_VERSION = 1.0;
				PRODUCT_BUNDLE_IDENTIFIER = com.swiftist.SCBookTests;
				PRODUCT_NAME = "$(TARGET_NAME)";
				SWIFT_EMIT_LOC_STRINGS = NO;
				SWIFT_VERSION = 5.0;
				TARGETED_DEVICE_FAMILY = "1,2";
				TEST_HOST = "$(BUILT_PRODUCTS_DIR)/SCBook.app/SCBook";
			};
			name = Debug;
		};
		968A474728183B4D00491FD6 /* Release */ = {
			isa = XCBuildConfiguration;
			buildSettings = {
				ALWAYS_EMBED_SWIFT_STANDARD_LIBRARIES = YES;
				BUNDLE_LOADER = "$(TEST_HOST)";
				CODE_SIGN_STYLE = Automatic;
				CURRENT_PROJECT_VERSION = 1;
				DEVELOPMENT_TEAM = B2RV52W8G3;
				GENERATE_INFOPLIST_FILE = YES;
				IPHONEOS_DEPLOYMENT_TARGET = 15.4;
				MARKETING_VERSION = 1.0;
				PRODUCT_BUNDLE_IDENTIFIER = com.swiftist.SCBookTests;
				PRODUCT_NAME = "$(TARGET_NAME)";
				SWIFT_EMIT_LOC_STRINGS = NO;
				SWIFT_VERSION = 5.0;
				TARGETED_DEVICE_FAMILY = "1,2";
				TEST_HOST = "$(BUILT_PRODUCTS_DIR)/SCBook.app/SCBook";
			};
			name = Release;
		};
		968A474928183B4D00491FD6 /* Debug */ = {
			isa = XCBuildConfiguration;
			buildSettings = {
				ALWAYS_EMBED_SWIFT_STANDARD_LIBRARIES = YES;
				CODE_SIGN_STYLE = Automatic;
				CURRENT_PROJECT_VERSION = 1;
				DEVELOPMENT_TEAM = B2RV52W8G3;
				GENERATE_INFOPLIST_FILE = YES;
				MARKETING_VERSION = 1.0;
				PRODUCT_BUNDLE_IDENTIFIER = com.swiftist.SCBookUITests;
				PRODUCT_NAME = "$(TARGET_NAME)";
				SWIFT_EMIT_LOC_STRINGS = NO;
				SWIFT_VERSION = 5.0;
				TARGETED_DEVICE_FAMILY = "1,2";
				TEST_TARGET_NAME = SCBook;
			};
			name = Debug;
		};
		968A474A28183B4D00491FD6 /* Release */ = {
			isa = XCBuildConfiguration;
			buildSettings = {
				ALWAYS_EMBED_SWIFT_STANDARD_LIBRARIES = YES;
				CODE_SIGN_STYLE = Automatic;
				CURRENT_PROJECT_VERSION = 1;
				DEVELOPMENT_TEAM = B2RV52W8G3;
				GENERATE_INFOPLIST_FILE = YES;
				MARKETING_VERSION = 1.0;
				PRODUCT_BUNDLE_IDENTIFIER = com.swiftist.SCBookUITests;
				PRODUCT_NAME = "$(TARGET_NAME)";
				SWIFT_EMIT_LOC_STRINGS = NO;
				SWIFT_VERSION = 5.0;
				TARGETED_DEVICE_FAMILY = "1,2";
				TEST_TARGET_NAME = SCBook;
			};
			name = Release;
		};
/* End XCBuildConfiguration section */

/* Begin XCConfigurationList section */
		968A471928183B4C00491FD6 /* Build configuration list for PBXProject "SCBook" */ = {
			isa = XCConfigurationList;
			buildConfigurations = (
				968A474028183B4D00491FD6 /* Debug */,
				968A474128183B4D00491FD6 /* Release */,
			);
			defaultConfigurationIsVisible = 0;
			defaultConfigurationName = Release;
		};
		968A474228183B4D00491FD6 /* Build configuration list for PBXNativeTarget "SCBook" */ = {
			isa = XCConfigurationList;
			buildConfigurations = (
				968A474328183B4D00491FD6 /* Debug */,
				968A474428183B4D00491FD6 /* Release */,
			);
			defaultConfigurationIsVisible = 0;
			defaultConfigurationName = Release;
		};
		968A474528183B4D00491FD6 /* Build configuration list for PBXNativeTarget "SCBookTests" */ = {
			isa = XCConfigurationList;
			buildConfigurations = (
				968A474628183B4D00491FD6 /* Debug */,
				968A474728183B4D00491FD6 /* Release */,
			);
			defaultConfigurationIsVisible = 0;
			defaultConfigurationName = Release;
		};
		968A474828183B4D00491FD6 /* Build configuration list for PBXNativeTarget "SCBookUITests" */ = {
			isa = XCConfigurationList;
			buildConfigurations = (
				968A474928183B4D00491FD6 /* Debug */,
				968A474A28183B4D00491FD6 /* Release */,
			);
			defaultConfigurationIsVisible = 0;
			defaultConfigurationName = Release;
		};
/* End XCConfigurationList section */

/* Begin XCRemoteSwiftPackageReference section */
		969363082818EE8700D10081 /* XCRemoteSwiftPackageReference "SwiftUIX" */ = {
			isa = XCRemoteSwiftPackageReference;
			repositoryURL = "https://github.com/SwiftUIX/SwiftUIX";
			requirement = {
				kind = upToNextMajorVersion;
				minimumVersion = 0.1.2;
			};
		};
/* End XCRemoteSwiftPackageReference section */

/* Begin XCSwiftPackageProductDependency section */
		969363092818EE8700D10081 /* SwiftUIX */ = {
			isa = XCSwiftPackageProductDependency;
			package = 969363082818EE8700D10081 /* XCRemoteSwiftPackageReference "SwiftUIX" */;
			productName = SwiftUIX;
		};
/* End XCSwiftPackageProductDependency section */
	};
	rootObject = 968A471628183B4C00491FD6 /* Project object */;
}
